// !$*UTF8*$!
{
	archiveVersion = 1;
	classes = {
	};
	objectVersion = 46;
	objects = {

/* Begin PBXBuildFile section */
		0301A3A81EDA4920008F548B /* FileSystemHelper.m in Sources */ = {isa = PBXBuildFile; fileRef = 0301A3A71EDA4920008F548B /* FileSystemHelper.m */; };
		0304F1E11EAA784F003ADE3F /* SWRevealViewController.m in Sources */ = {isa = PBXBuildFile; fileRef = 0304F1E01EAA784F003ADE3F /* SWRevealViewController.m */; };
		0305D1B51EA9E06D00D6DC45 /* DataStore.m in Sources */ = {isa = PBXBuildFile; fileRef = 0305D1B41EA9E06D00D6DC45 /* DataStore.m */; };
		0305D1D41EA9FA7100D6DC45 /* btn_done_normal@2x.png in Resources */ = {isa = PBXBuildFile; fileRef = 0305D1C01EA9FA7100D6DC45 /* btn_done_normal@2x.png */; };
		0305D1D51EA9FA7100D6DC45 /* btn_done_pressed@2x.png in Resources */ = {isa = PBXBuildFile; fileRef = 0305D1C11EA9FA7100D6DC45 /* btn_done_pressed@2x.png */; };
		0305D1D61EA9FA7100D6DC45 /* btn_left_nav_normal@2x.png in Resources */ = {isa = PBXBuildFile; fileRef = 0305D1C21EA9FA7100D6DC45 /* btn_left_nav_normal@2x.png */; };
		0305D1D71EA9FA7100D6DC45 /* btn_left_nav_pressed@2x.png in Resources */ = {isa = PBXBuildFile; fileRef = 0305D1C31EA9FA7100D6DC45 /* btn_left_nav_pressed@2x.png */; };
		0305D1D81EA9FA7100D6DC45 /* btn_right_nav_normal@2x.png in Resources */ = {isa = PBXBuildFile; fileRef = 0305D1C41EA9FA7100D6DC45 /* btn_right_nav_normal@2x.png */; };
		0305D1D91EA9FA7100D6DC45 /* btn_right_nav_pressed@2x.png in Resources */ = {isa = PBXBuildFile; fileRef = 0305D1C51EA9FA7100D6DC45 /* btn_right_nav_pressed@2x.png */; };
		0305D1DA1EA9FA7100D6DC45 /* category_bg@2x.png in Resources */ = {isa = PBXBuildFile; fileRef = 0305D1C61EA9FA7100D6DC45 /* category_bg@2x.png */; };
		0305D1DB1EA9FA7100D6DC45 /* category_bg33.png in Resources */ = {isa = PBXBuildFile; fileRef = 0305D1C71EA9FA7100D6DC45 /* category_bg33.png */; };
		0305D1DC1EA9FA7100D6DC45 /* category_header.png in Resources */ = {isa = PBXBuildFile; fileRef = 0305D1C81EA9FA7100D6DC45 /* category_header.png */; };
		0305D1DD1EA9FA7100D6DC45 /* iphone_left_navigation_bg@2x.png in Resources */ = {isa = PBXBuildFile; fileRef = 0305D1CE1EA9FA7100D6DC45 /* iphone_left_navigation_bg@2x.png */; };
		0305D1DE1EA9FA7100D6DC45 /* iphone_sub-heading-bar_smaller@2x.png in Resources */ = {isa = PBXBuildFile; fileRef = 0305D1CF1EA9FA7100D6DC45 /* iphone_sub-heading-bar_smaller@2x.png */; };
		0305D1DF1EA9FA7100D6DC45 /* iphone_top_bar_bg@2x.png in Resources */ = {isa = PBXBuildFile; fileRef = 0305D1D01EA9FA7100D6DC45 /* iphone_top_bar_bg@2x.png */; };
		0305D1E01EA9FA7100D6DC45 /* Menu.jpg in Resources */ = {isa = PBXBuildFile; fileRef = 0305D1D11EA9FA7100D6DC45 /* Menu.jpg */; };
		0305D1E11EA9FA7100D6DC45 /* splash.jpg in Resources */ = {isa = PBXBuildFile; fileRef = 0305D1D21EA9FA7100D6DC45 /* splash.jpg */; };
		0305D1E21EA9FA7100D6DC45 /* sub-heading-bar_small@2x.png in Resources */ = {isa = PBXBuildFile; fileRef = 0305D1D31EA9FA7100D6DC45 /* sub-heading-bar_small@2x.png */; };
		0305D1E41EAA0AEF00D6DC45 /* Side-Nav.jpg in Resources */ = {isa = PBXBuildFile; fileRef = 0305D1E31EAA0AEF00D6DC45 /* Side-Nav.jpg */; };
		0305D1E61EAA0BD800D6DC45 /* iphone_body_bg@2x.png in Resources */ = {isa = PBXBuildFile; fileRef = 0305D1E51EAA0BD800D6DC45 /* iphone_body_bg@2x.png */; };
		0305D1ED1EAA10AD00D6DC45 /* Menu_Category.jpg in Resources */ = {isa = PBXBuildFile; fileRef = 0305D1EC1EAA10AD00D6DC45 /* Menu_Category.jpg */; };
		0305D1F01EAA18F100D6DC45 /* LeftNavigationMenu.m in Sources */ = {isa = PBXBuildFile; fileRef = 0305D1EF1EAA18F100D6DC45 /* LeftNavigationMenu.m */; };
		031BDC311EA21BFE0010E93B /* LoginController.m in Sources */ = {isa = PBXBuildFile; fileRef = 031BDC2F1EA21BFE0010E93B /* LoginController.m */; };
		031BDC321EA21BFE0010E93B /* LoginController.xib in Resources */ = {isa = PBXBuildFile; fileRef = 031BDC301EA21BFE0010E93B /* LoginController.xib */; };
		031BDC421EA28E520010E93B /* SplashScreenViewController.m in Sources */ = {isa = PBXBuildFile; fileRef = 031BDC401EA28E520010E93B /* SplashScreenViewController.m */; };
		031BDC431EA28E520010E93B /* SplashScreenViewController.xib in Resources */ = {isa = PBXBuildFile; fileRef = 031BDC411EA28E520010E93B /* SplashScreenViewController.xib */; };
		031D02D11EA7F7B600045B93 /* MainMenuSubViewViewController.m in Sources */ = {isa = PBXBuildFile; fileRef = 031D02CF1EA7F7B600045B93 /* MainMenuSubViewViewController.m */; };
		031D02D21EA7F7B600045B93 /* MainMenuSubViewViewController.xib in Resources */ = {isa = PBXBuildFile; fileRef = 031D02D01EA7F7B600045B93 /* MainMenuSubViewViewController.xib */; };
		0349917A1EACF14E007DCAC7 /* CustomLeftNavigationTableViewCell.m in Sources */ = {isa = PBXBuildFile; fileRef = 034991781EACF14E007DCAC7 /* CustomLeftNavigationTableViewCell.m */; };
		034991811EAD066A007DCAC7 /* CustomLeftNavigationTableViewCell.xib in Resources */ = {isa = PBXBuildFile; fileRef = 034991801EAD066A007DCAC7 /* CustomLeftNavigationTableViewCell.xib */; };
		036ABEDF1EDB203F00F16869 /* cheesy breadsticks.png in Resources */ = {isa = PBXBuildFile; fileRef = 036ABEAF1EDB203F00F16869 /* cheesy breadsticks.png */; };
		036ABEE01EDB203F00F16869 /* chicken nuggets.png in Resources */ = {isa = PBXBuildFile; fileRef = 036ABEB01EDB203F00F16869 /* chicken nuggets.png */; };
		036ABEE11EDB203F00F16869 /* Fortune_cookie.png in Resources */ = {isa = PBXBuildFile; fileRef = 036ABEB11EDB203F00F16869 /* Fortune_cookie.png */; };
		036ABEE21EDB203F00F16869 /* fried onion rings.png in Resources */ = {isa = PBXBuildFile; fileRef = 036ABEB21EDB203F00F16869 /* fried onion rings.png */; };
		036ABEE31EDB203F00F16869 /* fried shrimps.png in Resources */ = {isa = PBXBuildFile; fileRef = 036ABEB31EDB203F00F16869 /* fried shrimps.png */; };
		036ABEE41EDB203F00F16869 /* fries and sausages.png in Resources */ = {isa = PBXBuildFile; fileRef = 036ABEB41EDB203F00F16869 /* fries and sausages.png */; };
		036ABEE51EDB203F00F16869 /* chicken chowmein.png in Resources */ = {isa = PBXBuildFile; fileRef = 036ABEB61EDB203F00F16869 /* chicken chowmein.png */; };
		036ABEE61EDB203F00F16869 /* dumplings.png in Resources */ = {isa = PBXBuildFile; fileRef = 036ABEB71EDB203F00F16869 /* dumplings.png */; };
		036ABEE71EDB203F00F16869 /* Hakka noodles.png in Resources */ = {isa = PBXBuildFile; fileRef = 036ABEB81EDB203F00F16869 /* Hakka noodles.png */; };
		036ABEE81EDB203F00F16869 /* Kungpaochicken.png in Resources */ = {isa = PBXBuildFile; fileRef = 036ABEB91EDB203F00F16869 /* Kungpaochicken.png */; };
		036ABEE91EDB203F00F16869 /* prawn soup.png in Resources */ = {isa = PBXBuildFile; fileRef = 036ABEBA1EDB203F00F16869 /* prawn soup.png */; };
		036ABEEA1EDB203F00F16869 /* sushi rols.png in Resources */ = {isa = PBXBuildFile; fileRef = 036ABEBB1EDB203F00F16869 /* sushi rols.png */; };
		036ABEEB1EDB203F00F16869 /* bakhlawa.png in Resources */ = {isa = PBXBuildFile; fileRef = 036ABEBD1EDB203F00F16869 /* bakhlawa.png */; };
		036ABEEC1EDB203F00F16869 /* lemon tart.png in Resources */ = {isa = PBXBuildFile; fileRef = 036ABEBE1EDB203F00F16869 /* lemon tart.png */; };
		036ABEED1EDB203F00F16869 /* mini_lava_cake.png in Resources */ = {isa = PBXBuildFile; fileRef = 036ABEBF1EDB203F00F16869 /* mini_lava_cake.png */; };
		036ABEEE1EDB203F00F16869 /* strawberry cheesecke.png in Resources */ = {isa = PBXBuildFile; fileRef = 036ABEC01EDB203F00F16869 /* strawberry cheesecke.png */; };
		036ABEEF1EDB203F00F16869 /* sundae-529x1024.png in Resources */ = {isa = PBXBuildFile; fileRef = 036ABEC11EDB203F00F16869 /* sundae-529x1024.png */; };
		036ABEF01EDB203F00F16869 /* waffle with ice cream.png in Resources */ = {isa = PBXBuildFile; fileRef = 036ABEC21EDB203F00F16869 /* waffle with ice cream.png */; };
		036ABEF11EDB203F00F16869 /* Black Mamba.png in Resources */ = {isa = PBXBuildFile; fileRef = 036ABEC41EDB203F00F16869 /* Black Mamba.png */; };
		036ABEF21EDB203F00F16869 /* Cocacola.png in Resources */ = {isa = PBXBuildFile; fileRef = 036ABEC51EDB203F00F16869 /* Cocacola.png */; };
		036ABEF31EDB203F00F16869 /* Drink-PNG-180x180.png in Resources */ = {isa = PBXBuildFile; fileRef = 036ABEC61EDB203F00F16869 /* Drink-PNG-180x180.png */; };
		036ABEF41EDB203F00F16869 /* Drink-PNG-8-180x180.png in Resources */ = {isa = PBXBuildFile; fileRef = 036ABEC71EDB203F00F16869 /* Drink-PNG-8-180x180.png */; };
		036ABEF51EDB203F00F16869 /* Lemonade 180x180.png in Resources */ = {isa = PBXBuildFile; fileRef = 036ABEC81EDB203F00F16869 /* Lemonade 180x180.png */; };
		036ABEF61EDB203F00F16869 /* Margarita.png in Resources */ = {isa = PBXBuildFile; fileRef = 036ABEC91EDB203F00F16869 /* Margarita.png */; };
		036ABEF71EDB203F00F16869 /* bologna sandwich.png in Resources */ = {isa = PBXBuildFile; fileRef = 036ABECB1EDB203F00F16869 /* bologna sandwich.png */; };
		036ABEF81EDB203F00F16869 /* burger_sandwich_PNG4150.png in Resources */ = {isa = PBXBuildFile; fileRef = 036ABECC1EDB203F00F16869 /* burger_sandwich_PNG4150.png */; };
		036ABEF91EDB203F00F16869 /* fried_chicken_PNG14107.png in Resources */ = {isa = PBXBuildFile; fileRef = 036ABECD1EDB203F00F16869 /* fried_chicken_PNG14107.png */; };
		036ABEFA1EDB203F00F16869 /* pizza_PNG7135.png in Resources */ = {isa = PBXBuildFile; fileRef = 036ABECE1EDB203F00F16869 /* pizza_PNG7135.png */; };
		036ABEFB1EDB203F00F16869 /* Shack-Burger-PNG-332x279.png in Resources */ = {isa = PBXBuildFile; fileRef = 036ABECF1EDB203F00F16869 /* Shack-Burger-PNG-332x279.png */; };
		036ABEFC1EDB203F00F16869 /* Single Patty Beef Burger PNG-420x249.png in Resources */ = {isa = PBXBuildFile; fileRef = 036ABED01EDB203F00F16869 /* Single Patty Beef Burger PNG-420x249.png */; };
		036ABEFD1EDB203F00F16869 /* alfredo pasta.png in Resources */ = {isa = PBXBuildFile; fileRef = 036ABED21EDB203F00F16869 /* alfredo pasta.png */; };
		036ABEFE1EDB203F00F16869 /* cassoulet.png in Resources */ = {isa = PBXBuildFile; fileRef = 036ABED31EDB203F00F16869 /* cassoulet.png */; };
		036ABEFF1EDB203F00F16869 /* confit de canard.png in Resources */ = {isa = PBXBuildFile; fileRef = 036ABED41EDB203F00F16869 /* confit de canard.png */; };
		036ABF001EDB203F00F16869 /* french toasts.png in Resources */ = {isa = PBXBuildFile; fileRef = 036ABED51EDB203F00F16869 /* french toasts.png */; };
		036ABF011EDB203F00F16869 /* penne pasta.png in Resources */ = {isa = PBXBuildFile; fileRef = 036ABED61EDB203F00F16869 /* penne pasta.png */; };
		036ABF021EDB203F00F16869 /* quiche.png in Resources */ = {isa = PBXBuildFile; fileRef = 036ABED71EDB203F00F16869 /* quiche.png */; };
		036ABF031EDB203F00F16869 /* Grilled-Chicken-Caesar-Salad-PNG.png in Resources */ = {isa = PBXBuildFile; fileRef = 036ABED91EDB203F00F16869 /* Grilled-Chicken-Caesar-Salad-PNG.png */; };
		036ABF041EDB203F00F16869 /* Habit-Burger-Salad-PNG-319x279.png in Resources */ = {isa = PBXBuildFile; fileRef = 036ABEDA1EDB203F00F16869 /* Habit-Burger-Salad-PNG-319x279.png */; };
		036ABF051EDB203F00F16869 /* Salad-PNG-401x279.png in Resources */ = {isa = PBXBuildFile; fileRef = 036ABEDB1EDB203F00F16869 /* Salad-PNG-401x279.png */; };
		036ABF061EDB203F00F16869 /* Salad-With-Apple-And-Bleu-Cheese-PNG.png in Resources */ = {isa = PBXBuildFile; fileRef = 036ABEDC1EDB203F00F16869 /* Salad-With-Apple-And-Bleu-Cheese-PNG.png */; };
		036ABF071EDB203F00F16869 /* Taco-Salad-Tortilla-Bowl-PNG-289x279.png in Resources */ = {isa = PBXBuildFile; fileRef = 036ABEDD1EDB203F00F16869 /* Taco-Salad-Tortilla-Bowl-PNG-289x279.png */; };
		036ABF081EDB203F00F16869 /* Tuna-Salad-PNG-409x279.png in Resources */ = {isa = PBXBuildFile; fileRef = 036ABEDE1EDB203F00F16869 /* Tuna-Salad-PNG-409x279.png */; };
		03E015F21ED98ADD00193579 /* RegisterViewController.m in Sources */ = {isa = PBXBuildFile; fileRef = 03E015F01ED98ADD00193579 /* RegisterViewController.m */; };
		03E015F31ED98ADD00193579 /* RegisterViewController.xib in Resources */ = {isa = PBXBuildFile; fileRef = 03E015F11ED98ADD00193579 /* RegisterViewController.xib */; };
		C8CB62501EA0D307001927D0 /* main.m in Sources */ = {isa = PBXBuildFile; fileRef = C8CB624F1EA0D307001927D0 /* main.m */; };
		C8CB62531EA0D307001927D0 /* AppDelegate.m in Sources */ = {isa = PBXBuildFile; fileRef = C8CB62521EA0D307001927D0 /* AppDelegate.m */; };
		C8CB625C1EA0D307001927D0 /* Application.xcdatamodeld in Sources */ = {isa = PBXBuildFile; fileRef = C8CB625A1EA0D307001927D0 /* Application.xcdatamodeld */; };
		C8CB625E1EA0D307001927D0 /* Assets.xcassets in Resources */ = {isa = PBXBuildFile; fileRef = C8CB625D1EA0D307001927D0 /* Assets.xcassets */; };
		C8CB62611EA0D307001927D0 /* LaunchScreen.storyboard in Resources */ = {isa = PBXBuildFile; fileRef = C8CB625F1EA0D307001927D0 /* LaunchScreen.storyboard */; };
/* End PBXBuildFile section */

/* Begin PBXFileReference section */
		0301A3A61EDA4920008F548B /* FileSystemHelper.h */ = {isa = PBXFileReference; fileEncoding = 4; lastKnownFileType = sourcecode.c.h; path = FileSystemHelper.h; sourceTree = "<group>"; };
		0301A3A71EDA4920008F548B /* FileSystemHelper.m */ = {isa = PBXFileReference; fileEncoding = 4; lastKnownFileType = sourcecode.c.objc; path = FileSystemHelper.m; sourceTree = "<group>"; };
		0304F1DF1EAA784F003ADE3F /* SWRevealViewController.h */ = {isa = PBXFileReference; fileEncoding = 4; lastKnownFileType = sourcecode.c.h; path = SWRevealViewController.h; sourceTree = "<group>"; };
		0304F1E01EAA784F003ADE3F /* SWRevealViewController.m */ = {isa = PBXFileReference; fileEncoding = 4; lastKnownFileType = sourcecode.c.objc; path = SWRevealViewController.m; sourceTree = "<group>"; };
		0305D1B31EA9E06D00D6DC45 /* DataStore.h */ = {isa = PBXFileReference; fileEncoding = 4; lastKnownFileType = sourcecode.c.h; path = DataStore.h; sourceTree = "<group>"; };
		0305D1B41EA9E06D00D6DC45 /* DataStore.m */ = {isa = PBXFileReference; fileEncoding = 4; lastKnownFileType = sourcecode.c.objc; path = DataStore.m; sourceTree = "<group>"; };
		0305D1C01EA9FA7100D6DC45 /* btn_done_normal@2x.png */ = {isa = PBXFileReference; lastKnownFileType = image.png; name = "btn_done_normal@2x.png"; path = "Props/btn_done_normal@2x.png"; sourceTree = "<group>"; };
		0305D1C11EA9FA7100D6DC45 /* btn_done_pressed@2x.png */ = {isa = PBXFileReference; lastKnownFileType = image.png; name = "btn_done_pressed@2x.png"; path = "Props/btn_done_pressed@2x.png"; sourceTree = "<group>"; };
		0305D1C21EA9FA7100D6DC45 /* btn_left_nav_normal@2x.png */ = {isa = PBXFileReference; lastKnownFileType = image.png; name = "btn_left_nav_normal@2x.png"; path = "Props/btn_left_nav_normal@2x.png"; sourceTree = "<group>"; };
		0305D1C31EA9FA7100D6DC45 /* btn_left_nav_pressed@2x.png */ = {isa = PBXFileReference; lastKnownFileType = image.png; name = "btn_left_nav_pressed@2x.png"; path = "Props/btn_left_nav_pressed@2x.png"; sourceTree = "<group>"; };
		0305D1C41EA9FA7100D6DC45 /* btn_right_nav_normal@2x.png */ = {isa = PBXFileReference; lastKnownFileType = image.png; name = "btn_right_nav_normal@2x.png"; path = "Props/btn_right_nav_normal@2x.png"; sourceTree = "<group>"; };
		0305D1C51EA9FA7100D6DC45 /* btn_right_nav_pressed@2x.png */ = {isa = PBXFileReference; lastKnownFileType = image.png; name = "btn_right_nav_pressed@2x.png"; path = "Props/btn_right_nav_pressed@2x.png"; sourceTree = "<group>"; };
		0305D1C61EA9FA7100D6DC45 /* category_bg@2x.png */ = {isa = PBXFileReference; lastKnownFileType = image.png; name = "category_bg@2x.png"; path = "Props/category_bg@2x.png"; sourceTree = "<group>"; };
		0305D1C71EA9FA7100D6DC45 /* category_bg33.png */ = {isa = PBXFileReference; lastKnownFileType = image.png; name = category_bg33.png; path = Props/category_bg33.png; sourceTree = "<group>"; };
		0305D1C81EA9FA7100D6DC45 /* category_header.png */ = {isa = PBXFileReference; lastKnownFileType = image.png; name = category_header.png; path = Props/category_header.png; sourceTree = "<group>"; };
		0305D1CE1EA9FA7100D6DC45 /* iphone_left_navigation_bg@2x.png */ = {isa = PBXFileReference; lastKnownFileType = image.png; name = "iphone_left_navigation_bg@2x.png"; path = "Props/iphone_left_navigation_bg@2x.png"; sourceTree = "<group>"; };
		0305D1CF1EA9FA7100D6DC45 /* iphone_sub-heading-bar_smaller@2x.png */ = {isa = PBXFileReference; lastKnownFileType = image.png; name = "iphone_sub-heading-bar_smaller@2x.png"; path = "Props/iphone_sub-heading-bar_smaller@2x.png"; sourceTree = "<group>"; };
		0305D1D01EA9FA7100D6DC45 /* iphone_top_bar_bg@2x.png */ = {isa = PBXFileReference; lastKnownFileType = image.png; name = "iphone_top_bar_bg@2x.png"; path = "Props/iphone_top_bar_bg@2x.png"; sourceTree = "<group>"; };
		0305D1D11EA9FA7100D6DC45 /* Menu.jpg */ = {isa = PBXFileReference; lastKnownFileType = image.jpeg; name = Menu.jpg; path = Props/Menu.jpg; sourceTree = "<group>"; };
		0305D1D21EA9FA7100D6DC45 /* splash.jpg */ = {isa = PBXFileReference; lastKnownFileType = image.jpeg; name = splash.jpg; path = Props/splash.jpg; sourceTree = "<group>"; };
		0305D1D31EA9FA7100D6DC45 /* sub-heading-bar_small@2x.png */ = {isa = PBXFileReference; lastKnownFileType = image.png; name = "sub-heading-bar_small@2x.png"; path = "Props/sub-heading-bar_small@2x.png"; sourceTree = "<group>"; };
		0305D1E31EAA0AEF00D6DC45 /* Side-Nav.jpg */ = {isa = PBXFileReference; lastKnownFileType = image.jpeg; name = "Side-Nav.jpg"; path = "Props/Side-Nav.jpg"; sourceTree = "<group>"; };
		0305D1E51EAA0BD800D6DC45 /* iphone_body_bg@2x.png */ = {isa = PBXFileReference; lastKnownFileType = image.png; name = "iphone_body_bg@2x.png"; path = "Props/Fonts/iphone_body_bg@2x.png"; sourceTree = "<group>"; };
		0305D1EC1EAA10AD00D6DC45 /* Menu_Category.jpg */ = {isa = PBXFileReference; lastKnownFileType = image.jpeg; name = Menu_Category.jpg; path = Props/Menu_Category.jpg; sourceTree = "<group>"; };
		0305D1EE1EAA18F100D6DC45 /* LeftNavigationMenu.h */ = {isa = PBXFileReference; fileEncoding = 4; lastKnownFileType = sourcecode.c.h; path = LeftNavigationMenu.h; sourceTree = "<group>"; };
		0305D1EF1EAA18F100D6DC45 /* LeftNavigationMenu.m */ = {isa = PBXFileReference; fileEncoding = 4; lastKnownFileType = sourcecode.c.objc; path = LeftNavigationMenu.m; sourceTree = "<group>"; };
		031BDC2E1EA21BFE0010E93B /* LoginController.h */ = {isa = PBXFileReference; fileEncoding = 4; lastKnownFileType = sourcecode.c.h; path = LoginController.h; sourceTree = "<group>"; };
		031BDC2F1EA21BFE0010E93B /* LoginController.m */ = {isa = PBXFileReference; fileEncoding = 4; lastKnownFileType = sourcecode.c.objc; path = LoginController.m; sourceTree = "<group>"; };
		031BDC301EA21BFE0010E93B /* LoginController.xib */ = {isa = PBXFileReference; fileEncoding = 4; lastKnownFileType = file.xib; path = LoginController.xib; sourceTree = "<group>"; };
		031BDC3F1EA28E520010E93B /* SplashScreenViewController.h */ = {isa = PBXFileReference; fileEncoding = 4; lastKnownFileType = sourcecode.c.h; path = SplashScreenViewController.h; sourceTree = "<group>"; };
		031BDC401EA28E520010E93B /* SplashScreenViewController.m */ = {isa = PBXFileReference; fileEncoding = 4; lastKnownFileType = sourcecode.c.objc; path = SplashScreenViewController.m; sourceTree = "<group>"; };
		031BDC411EA28E520010E93B /* SplashScreenViewController.xib */ = {isa = PBXFileReference; fileEncoding = 4; lastKnownFileType = file.xib; path = SplashScreenViewController.xib; sourceTree = "<group>"; };
		031D02CE1EA7F7B600045B93 /* MainMenuSubViewViewController.h */ = {isa = PBXFileReference; fileEncoding = 4; lastKnownFileType = sourcecode.c.h; path = MainMenuSubViewViewController.h; sourceTree = "<group>"; };
		031D02CF1EA7F7B600045B93 /* MainMenuSubViewViewController.m */ = {isa = PBXFileReference; fileEncoding = 4; lastKnownFileType = sourcecode.c.objc; path = MainMenuSubViewViewController.m; sourceTree = "<group>"; };
		031D02D01EA7F7B600045B93 /* MainMenuSubViewViewController.xib */ = {isa = PBXFileReference; fileEncoding = 4; lastKnownFileType = file.xib; path = MainMenuSubViewViewController.xib; sourceTree = "<group>"; };
		034991771EACF14E007DCAC7 /* CustomLeftNavigationTableViewCell.h */ = {isa = PBXFileReference; fileEncoding = 4; lastKnownFileType = sourcecode.c.h; path = CustomLeftNavigationTableViewCell.h; sourceTree = "<group>"; };
		034991781EACF14E007DCAC7 /* CustomLeftNavigationTableViewCell.m */ = {isa = PBXFileReference; fileEncoding = 4; lastKnownFileType = sourcecode.c.objc; path = CustomLeftNavigationTableViewCell.m; sourceTree = "<group>"; };
		034991801EAD066A007DCAC7 /* CustomLeftNavigationTableViewCell.xib */ = {isa = PBXFileReference; fileEncoding = 4; lastKnownFileType = file.xib; path = CustomLeftNavigationTableViewCell.xib; sourceTree = "<group>"; };
		036ABEAF1EDB203F00F16869 /* cheesy breadsticks.png */ = {isa = PBXFileReference; lastKnownFileType = image.png; path = "cheesy breadsticks.png"; sourceTree = "<group>"; };
		036ABEB01EDB203F00F16869 /* chicken nuggets.png */ = {isa = PBXFileReference; lastKnownFileType = image.png; path = "chicken nuggets.png"; sourceTree = "<group>"; };
		036ABEB11EDB203F00F16869 /* Fortune_cookie.png */ = {isa = PBXFileReference; lastKnownFileType = image.png; path = Fortune_cookie.png; sourceTree = "<group>"; };
		036ABEB21EDB203F00F16869 /* fried onion rings.png */ = {isa = PBXFileReference; lastKnownFileType = image.png; path = "fried onion rings.png"; sourceTree = "<group>"; };
		036ABEB31EDB203F00F16869 /* fried shrimps.png */ = {isa = PBXFileReference; lastKnownFileType = image.png; path = "fried shrimps.png"; sourceTree = "<group>"; };
		036ABEB41EDB203F00F16869 /* fries and sausages.png */ = {isa = PBXFileReference; lastKnownFileType = image.png; path = "fries and sausages.png"; sourceTree = "<group>"; };
		036ABEB61EDB203F00F16869 /* chicken chowmein.png */ = {isa = PBXFileReference; lastKnownFileType = image.png; path = "chicken chowmein.png"; sourceTree = "<group>"; };
		036ABEB71EDB203F00F16869 /* dumplings.png */ = {isa = PBXFileReference; lastKnownFileType = image.png; path = dumplings.png; sourceTree = "<group>"; };
		036ABEB81EDB203F00F16869 /* Hakka noodles.png */ = {isa = PBXFileReference; lastKnownFileType = image.png; path = "Hakka noodles.png"; sourceTree = "<group>"; };
		036ABEB91EDB203F00F16869 /* Kungpaochicken.png */ = {isa = PBXFileReference; lastKnownFileType = image.png; path = Kungpaochicken.png; sourceTree = "<group>"; };
		036ABEBA1EDB203F00F16869 /* prawn soup.png */ = {isa = PBXFileReference; lastKnownFileType = image.png; path = "prawn soup.png"; sourceTree = "<group>"; };
		036ABEBB1EDB203F00F16869 /* sushi rols.png */ = {isa = PBXFileReference; lastKnownFileType = image.png; path = "sushi rols.png"; sourceTree = "<group>"; };
		036ABEBD1EDB203F00F16869 /* bakhlawa.png */ = {isa = PBXFileReference; lastKnownFileType = image.png; path = bakhlawa.png; sourceTree = "<group>"; };
		036ABEBE1EDB203F00F16869 /* lemon tart.png */ = {isa = PBXFileReference; lastKnownFileType = image.png; path = "lemon tart.png"; sourceTree = "<group>"; };
		036ABEBF1EDB203F00F16869 /* mini_lava_cake.png */ = {isa = PBXFileReference; lastKnownFileType = image.png; path = mini_lava_cake.png; sourceTree = "<group>"; };
		036ABEC01EDB203F00F16869 /* strawberry cheesecke.png */ = {isa = PBXFileReference; lastKnownFileType = image.png; path = "strawberry cheesecke.png"; sourceTree = "<group>"; };
		036ABEC11EDB203F00F16869 /* sundae-529x1024.png */ = {isa = PBXFileReference; lastKnownFileType = image.png; path = "sundae-529x1024.png"; sourceTree = "<group>"; };
		036ABEC21EDB203F00F16869 /* waffle with ice cream.png */ = {isa = PBXFileReference; lastKnownFileType = image.png; path = "waffle with ice cream.png"; sourceTree = "<group>"; };
		036ABEC41EDB203F00F16869 /* Black Mamba.png */ = {isa = PBXFileReference; lastKnownFileType = image.png; path = "Black Mamba.png"; sourceTree = "<group>"; };
		036ABEC51EDB203F00F16869 /* Cocacola.png */ = {isa = PBXFileReference; lastKnownFileType = image.png; path = Cocacola.png; sourceTree = "<group>"; };
		036ABEC61EDB203F00F16869 /* Drink-PNG-180x180.png */ = {isa = PBXFileReference; lastKnownFileType = image.png; path = "Drink-PNG-180x180.png"; sourceTree = "<group>"; };
		036ABEC71EDB203F00F16869 /* Drink-PNG-8-180x180.png */ = {isa = PBXFileReference; lastKnownFileType = image.png; path = "Drink-PNG-8-180x180.png"; sourceTree = "<group>"; };
		036ABEC81EDB203F00F16869 /* Lemonade 180x180.png */ = {isa = PBXFileReference; lastKnownFileType = image.png; path = "Lemonade 180x180.png"; sourceTree = "<group>"; };
		036ABEC91EDB203F00F16869 /* Margarita.png */ = {isa = PBXFileReference; lastKnownFileType = image.png; path = Margarita.png; sourceTree = "<group>"; };
		036ABECB1EDB203F00F16869 /* bologna sandwich.png */ = {isa = PBXFileReference; lastKnownFileType = image.png; path = "bologna sandwich.png"; sourceTree = "<group>"; };
		036ABECC1EDB203F00F16869 /* burger_sandwich_PNG4150.png */ = {isa = PBXFileReference; lastKnownFileType = image.png; path = burger_sandwich_PNG4150.png; sourceTree = "<group>"; };
		036ABECD1EDB203F00F16869 /* fried_chicken_PNG14107.png */ = {isa = PBXFileReference; lastKnownFileType = image.png; path = fried_chicken_PNG14107.png; sourceTree = "<group>"; };
		036ABECE1EDB203F00F16869 /* pizza_PNG7135.png */ = {isa = PBXFileReference; lastKnownFileType = image.png; path = pizza_PNG7135.png; sourceTree = "<group>"; };
		036ABECF1EDB203F00F16869 /* Shack-Burger-PNG-332x279.png */ = {isa = PBXFileReference; lastKnownFileType = image.png; path = "Shack-Burger-PNG-332x279.png"; sourceTree = "<group>"; };
		036ABED01EDB203F00F16869 /* Single Patty Beef Burger PNG-420x249.png */ = {isa = PBXFileReference; lastKnownFileType = image.png; path = "Single Patty Beef Burger PNG-420x249.png"; sourceTree = "<group>"; };
		036ABED21EDB203F00F16869 /* alfredo pasta.png */ = {isa = PBXFileReference; lastKnownFileType = image.png; path = "alfredo pasta.png"; sourceTree = "<group>"; };
		036ABED31EDB203F00F16869 /* cassoulet.png */ = {isa = PBXFileReference; lastKnownFileType = image.png; path = cassoulet.png; sourceTree = "<group>"; };
		036ABED41EDB203F00F16869 /* confit de canard.png */ = {isa = PBXFileReference; lastKnownFileType = image.png; path = "confit de canard.png"; sourceTree = "<group>"; };
		036ABED51EDB203F00F16869 /* french toasts.png */ = {isa = PBXFileReference; lastKnownFileType = image.png; path = "french toasts.png"; sourceTree = "<group>"; };
		036ABED61EDB203F00F16869 /* penne pasta.png */ = {isa = PBXFileReference; lastKnownFileType = image.png; path = "penne pasta.png"; sourceTree = "<group>"; };
		036ABED71EDB203F00F16869 /* quiche.png */ = {isa = PBXFileReference; lastKnownFileType = image.png; path = quiche.png; sourceTree = "<group>"; };
		036ABED91EDB203F00F16869 /* Grilled-Chicken-Caesar-Salad-PNG.png */ = {isa = PBXFileReference; lastKnownFileType = image.png; path = "Grilled-Chicken-Caesar-Salad-PNG.png"; sourceTree = "<group>"; };
		036ABEDA1EDB203F00F16869 /* Habit-Burger-Salad-PNG-319x279.png */ = {isa = PBXFileReference; lastKnownFileType = image.png; path = "Habit-Burger-Salad-PNG-319x279.png"; sourceTree = "<group>"; };
		036ABEDB1EDB203F00F16869 /* Salad-PNG-401x279.png */ = {isa = PBXFileReference; lastKnownFileType = image.png; path = "Salad-PNG-401x279.png"; sourceTree = "<group>"; };
		036ABEDC1EDB203F00F16869 /* Salad-With-Apple-And-Bleu-Cheese-PNG.png */ = {isa = PBXFileReference; lastKnownFileType = image.png; path = "Salad-With-Apple-And-Bleu-Cheese-PNG.png"; sourceTree = "<group>"; };
		036ABEDD1EDB203F00F16869 /* Taco-Salad-Tortilla-Bowl-PNG-289x279.png */ = {isa = PBXFileReference; lastKnownFileType = image.png; path = "Taco-Salad-Tortilla-Bowl-PNG-289x279.png"; sourceTree = "<group>"; };
		036ABEDE1EDB203F00F16869 /* Tuna-Salad-PNG-409x279.png */ = {isa = PBXFileReference; lastKnownFileType = image.png; path = "Tuna-Salad-PNG-409x279.png"; sourceTree = "<group>"; };
		03E015EF1ED98ADD00193579 /* RegisterViewController.h */ = {isa = PBXFileReference; fileEncoding = 4; lastKnownFileType = sourcecode.c.h; path = RegisterViewController.h; sourceTree = "<group>"; };
		03E015F01ED98ADD00193579 /* RegisterViewController.m */ = {isa = PBXFileReference; fileEncoding = 4; lastKnownFileType = sourcecode.c.objc; path = RegisterViewController.m; sourceTree = "<group>"; };
		03E015F11ED98ADD00193579 /* RegisterViewController.xib */ = {isa = PBXFileReference; fileEncoding = 4; lastKnownFileType = file.xib; path = RegisterViewController.xib; sourceTree = "<group>"; };
		C8CB624B1EA0D307001927D0 /* Application.app */ = {isa = PBXFileReference; explicitFileType = wrapper.application; includeInIndex = 0; path = Application.app; sourceTree = BUILT_PRODUCTS_DIR; };
		C8CB624F1EA0D307001927D0 /* main.m */ = {isa = PBXFileReference; lastKnownFileType = sourcecode.c.objc; path = main.m; sourceTree = "<group>"; };
		C8CB62511EA0D307001927D0 /* AppDelegate.h */ = {isa = PBXFileReference; lastKnownFileType = sourcecode.c.h; path = AppDelegate.h; sourceTree = "<group>"; };
		C8CB62521EA0D307001927D0 /* AppDelegate.m */ = {isa = PBXFileReference; lastKnownFileType = sourcecode.c.objc; path = AppDelegate.m; sourceTree = "<group>"; };
		C8CB625B1EA0D307001927D0 /* Application.xcdatamodel */ = {isa = PBXFileReference; lastKnownFileType = wrapper.xcdatamodel; path = Application.xcdatamodel; sourceTree = "<group>"; };
		C8CB625D1EA0D307001927D0 /* Assets.xcassets */ = {isa = PBXFileReference; lastKnownFileType = folder.assetcatalog; path = Assets.xcassets; sourceTree = "<group>"; };
		C8CB62601EA0D307001927D0 /* Base */ = {isa = PBXFileReference; lastKnownFileType = file.storyboard; name = Base; path = Base.lproj/LaunchScreen.storyboard; sourceTree = "<group>"; };
		C8CB62621EA0D307001927D0 /* Info.plist */ = {isa = PBXFileReference; lastKnownFileType = text.plist.xml; path = Info.plist; sourceTree = "<group>"; };
/* End PBXFileReference section */

/* Begin PBXFrameworksBuildPhase section */
		C8CB62481EA0D307001927D0 /* Frameworks */ = {
			isa = PBXFrameworksBuildPhase;
			buildActionMask = 2147483647;
			files = (
			);
			runOnlyForDeploymentPostprocessing = 0;
		};
/* End PBXFrameworksBuildPhase section */

/* Begin PBXGroup section */
		0301A3A91EDA494D008F548B /* Core Data */ = {
			isa = PBXGroup;
			children = (
				0301A3A61EDA4920008F548B /* FileSystemHelper.h */,
				0301A3A71EDA4920008F548B /* FileSystemHelper.m */,
				0305D1B31EA9E06D00D6DC45 /* DataStore.h */,
				0305D1B41EA9E06D00D6DC45 /* DataStore.m */,
			);
			name = "Core Data";
			sourceTree = "<group>";
		};
		0304F1DE1EAA784F003ADE3F /* SWRevealViewController */ = {
			isa = PBXGroup;
			children = (
				0304F1DF1EAA784F003ADE3F /* SWRevealViewController.h */,
				0304F1E01EAA784F003ADE3F /* SWRevealViewController.m */,
			);
			path = SWRevealViewController;
			sourceTree = "<group>";
		};
		0305D1C91EA9FA7100D6DC45 /* Fonts */ = {
			isa = PBXGroup;
			children = (
				0305D1CA1EA9FA7100D6DC45 /* Audio */,
				0305D1CB1EA9FA7100D6DC45 /* Oxygen */,
				0305D1CC1EA9FA7100D6DC45 /* Script MT Bold */,
				0305D1CD1EA9FA7100D6DC45 /* Segoe UI */,
			);
			name = Fonts;
			path = Props/Fonts;
			sourceTree = "<group>";
		};
		0305D1CA1EA9FA7100D6DC45 /* Audio */ = {
			isa = PBXGroup;
			children = (
			);
			path = Audio;
			sourceTree = "<group>";
		};
		0305D1CB1EA9FA7100D6DC45 /* Oxygen */ = {
			isa = PBXGroup;
			children = (
			);
			path = Oxygen;
			sourceTree = "<group>";
		};
		0305D1CC1EA9FA7100D6DC45 /* Script MT Bold */ = {
			isa = PBXGroup;
			children = (
			);
			path = "Script MT Bold";
			sourceTree = "<group>";
		};
		0305D1CD1EA9FA7100D6DC45 /* Segoe UI */ = {
			isa = PBXGroup;
			children = (
			);
			path = "Segoe UI";
			sourceTree = "<group>";
		};
		036ABEAD1EDB203F00F16869 /* Food Images */ = {
			isa = PBXGroup;
			children = (
				036ABEAE1EDB203F00F16869 /* Appetizers */,
				036ABEB51EDB203F00F16869 /* Chinese */,
				036ABEBC1EDB203F00F16869 /* Desserts */,
				036ABEC31EDB203F00F16869 /* Drinks */,
				036ABECA1EDB203F00F16869 /* Fast food */,
				036ABED11EDB203F00F16869 /* french */,
				036ABED81EDB203F00F16869 /* Salads */,
			);
			path = "Food Images";
			sourceTree = "<group>";
		};
		036ABEAE1EDB203F00F16869 /* Appetizers */ = {
			isa = PBXGroup;
			children = (
				036ABEAF1EDB203F00F16869 /* cheesy breadsticks.png */,
				036ABEB01EDB203F00F16869 /* chicken nuggets.png */,
				036ABEB11EDB203F00F16869 /* Fortune_cookie.png */,
				036ABEB21EDB203F00F16869 /* fried onion rings.png */,
				036ABEB31EDB203F00F16869 /* fried shrimps.png */,
				036ABEB41EDB203F00F16869 /* fries and sausages.png */,
			);
			path = Appetizers;
			sourceTree = "<group>";
		};
		036ABEB51EDB203F00F16869 /* Chinese */ = {
			isa = PBXGroup;
			children = (
				036ABEB61EDB203F00F16869 /* chicken chowmein.png */,
				036ABEB71EDB203F00F16869 /* dumplings.png */,
				036ABEB81EDB203F00F16869 /* Hakka noodles.png */,
				036ABEB91EDB203F00F16869 /* Kungpaochicken.png */,
				036ABEBA1EDB203F00F16869 /* prawn soup.png */,
				036ABEBB1EDB203F00F16869 /* sushi rols.png */,
			);
			path = Chinese;
			sourceTree = "<group>";
		};
		036ABEBC1EDB203F00F16869 /* Desserts */ = {
			isa = PBXGroup;
			children = (
				036ABEBD1EDB203F00F16869 /* bakhlawa.png */,
				036ABEBE1EDB203F00F16869 /* lemon tart.png */,
				036ABEBF1EDB203F00F16869 /* mini_lava_cake.png */,
				036ABEC01EDB203F00F16869 /* strawberry cheesecke.png */,
				036ABEC11EDB203F00F16869 /* sundae-529x1024.png */,
				036ABEC21EDB203F00F16869 /* waffle with ice cream.png */,
			);
			path = Desserts;
			sourceTree = "<group>";
		};
		036ABEC31EDB203F00F16869 /* Drinks */ = {
			isa = PBXGroup;
			children = (
				036ABEC41EDB203F00F16869 /* Black Mamba.png */,
				036ABEC51EDB203F00F16869 /* Cocacola.png */,
				036ABEC61EDB203F00F16869 /* Drink-PNG-180x180.png */,
				036ABEC71EDB203F00F16869 /* Drink-PNG-8-180x180.png */,
				036ABEC81EDB203F00F16869 /* Lemonade 180x180.png */,
				036ABEC91EDB203F00F16869 /* Margarita.png */,
			);
			path = Drinks;
			sourceTree = "<group>";
		};
		036ABECA1EDB203F00F16869 /* Fast food */ = {
			isa = PBXGroup;
			children = (
				036ABECB1EDB203F00F16869 /* bologna sandwich.png */,
				036ABECC1EDB203F00F16869 /* burger_sandwich_PNG4150.png */,
				036ABECD1EDB203F00F16869 /* fried_chicken_PNG14107.png */,
				036ABECE1EDB203F00F16869 /* pizza_PNG7135.png */,
				036ABECF1EDB203F00F16869 /* Shack-Burger-PNG-332x279.png */,
				036ABED01EDB203F00F16869 /* Single Patty Beef Burger PNG-420x249.png */,
			);
			path = "Fast food";
			sourceTree = "<group>";
		};
		036ABED11EDB203F00F16869 /* french */ = {
			isa = PBXGroup;
			children = (
				036ABED21EDB203F00F16869 /* alfredo pasta.png */,
				036ABED31EDB203F00F16869 /* cassoulet.png */,
				036ABED41EDB203F00F16869 /* confit de canard.png */,
				036ABED51EDB203F00F16869 /* french toasts.png */,
				036ABED61EDB203F00F16869 /* penne pasta.png */,
				036ABED71EDB203F00F16869 /* quiche.png */,
			);
			path = french;
			sourceTree = "<group>";
		};
		036ABED81EDB203F00F16869 /* Salads */ = {
			isa = PBXGroup;
			children = (
				036ABED91EDB203F00F16869 /* Grilled-Chicken-Caesar-Salad-PNG.png */,
				036ABEDA1EDB203F00F16869 /* Habit-Burger-Salad-PNG-319x279.png */,
				036ABEDB1EDB203F00F16869 /* Salad-PNG-401x279.png */,
				036ABEDC1EDB203F00F16869 /* Salad-With-Apple-And-Bleu-Cheese-PNG.png */,
				036ABEDD1EDB203F00F16869 /* Taco-Salad-Tortilla-Bowl-PNG-289x279.png */,
				036ABEDE1EDB203F00F16869 /* Tuna-Salad-PNG-409x279.png */,
			);
			path = Salads;
			sourceTree = "<group>";
		};
		03E015EB1ED9852C00193579 /* Login Page */ = {
			isa = PBXGroup;
			children = (
				031BDC2E1EA21BFE0010E93B /* LoginController.h */,
				031BDC2F1EA21BFE0010E93B /* LoginController.m */,
				031BDC301EA21BFE0010E93B /* LoginController.xib */,
			);
			name = "Login Page";
			sourceTree = "<group>";
		};
		03E015EC1ED9854000193579 /* Splash Screen */ = {
			isa = PBXGroup;
			children = (
				031BDC3F1EA28E520010E93B /* SplashScreenViewController.h */,
				031BDC401EA28E520010E93B /* SplashScreenViewController.m */,
				031BDC411EA28E520010E93B /* SplashScreenViewController.xib */,
			);
			name = "Splash Screen";
			sourceTree = "<group>";
		};
		03E015ED1ED9854F00193579 /* Main Menu */ = {
			isa = PBXGroup;
			children = (
				031D02CE1EA7F7B600045B93 /* MainMenuSubViewViewController.h */,
				031D02CF1EA7F7B600045B93 /* MainMenuSubViewViewController.m */,
				031D02D01EA7F7B600045B93 /* MainMenuSubViewViewController.xib */,
			);
			name = "Main Menu";
			sourceTree = "<group>";
		};
		03E015EE1ED9855F00193579 /* Left Side Navigation */ = {
			isa = PBXGroup;
			children = (
				0305D1EE1EAA18F100D6DC45 /* LeftNavigationMenu.h */,
				0305D1EF1EAA18F100D6DC45 /* LeftNavigationMenu.m */,
				034991771EACF14E007DCAC7 /* CustomLeftNavigationTableViewCell.h */,
				034991781EACF14E007DCAC7 /* CustomLeftNavigationTableViewCell.m */,
				034991801EAD066A007DCAC7 /* CustomLeftNavigationTableViewCell.xib */,
			);
			name = "Left Side Navigation";
			sourceTree = "<group>";
		};
		03E015F41ED98AE100193579 /* Register Page */ = {
			isa = PBXGroup;
			children = (
				03E015EF1ED98ADD00193579 /* RegisterViewController.h */,
				03E015F01ED98ADD00193579 /* RegisterViewController.m */,
				03E015F11ED98ADD00193579 /* RegisterViewController.xib */,
			);
			name = "Register Page";
			sourceTree = "<group>";
		};
		C8CB62421EA0D307001927D0 = {
			isa = PBXGroup;
			children = (
				C8CB624D1EA0D307001927D0 /* Application */,
			);
			sourceTree = "<group>";
		};
		C8CB624C1EA0D307001927D0 /* Products */ = {
			isa = PBXGroup;
			children = (
				C8CB624B1EA0D307001927D0 /* Application.app */,
			);
			name = Products;
			path = ..;
			sourceTree = "<group>";
		};
		C8CB624D1EA0D307001927D0 /* Application */ = {
			isa = PBXGroup;
			children = (
				C8CB62511EA0D307001927D0 /* AppDelegate.h */,
				C8CB62521EA0D307001927D0 /* AppDelegate.m */,
				C8CB625D1EA0D307001927D0 /* Assets.xcassets */,
				C8CB625F1EA0D307001927D0 /* LaunchScreen.storyboard */,
				C8CB62621EA0D307001927D0 /* Info.plist */,
				C8CB625A1EA0D307001927D0 /* Application.xcdatamodeld */,
				C8CB624E1EA0D307001927D0 /* Supporting Files */,
				0301A3A91EDA494D008F548B /* Core Data */,
				03E015EB1ED9852C00193579 /* Login Page */,
				03E015EC1ED9854000193579 /* Splash Screen */,
				03E015ED1ED9854F00193579 /* Main Menu */,
				03E015EE1ED9855F00193579 /* Left Side Navigation */,
				C8CB624C1EA0D307001927D0 /* Products */,
				03E015F41ED98AE100193579 /* Register Page */,
			);
			path = Application;
			sourceTree = "<group>";
		};
		C8CB624E1EA0D307001927D0 /* Supporting Files */ = {
			isa = PBXGroup;
			children = (
				036ABEAD1EDB203F00F16869 /* Food Images */,
				0304F1DE1EAA784F003ADE3F /* SWRevealViewController */,
				0305D1C91EA9FA7100D6DC45 /* Fonts */,
				0305D1E51EAA0BD800D6DC45 /* iphone_body_bg@2x.png */,
				0305D1EC1EAA10AD00D6DC45 /* Menu_Category.jpg */,
				0305D1E31EAA0AEF00D6DC45 /* Side-Nav.jpg */,
				0305D1C01EA9FA7100D6DC45 /* btn_done_normal@2x.png */,
				0305D1C11EA9FA7100D6DC45 /* btn_done_pressed@2x.png */,
				0305D1C21EA9FA7100D6DC45 /* btn_left_nav_normal@2x.png */,
				0305D1C31EA9FA7100D6DC45 /* btn_left_nav_pressed@2x.png */,
				0305D1C41EA9FA7100D6DC45 /* btn_right_nav_normal@2x.png */,
				0305D1C51EA9FA7100D6DC45 /* btn_right_nav_pressed@2x.png */,
				0305D1C61EA9FA7100D6DC45 /* category_bg@2x.png */,
				0305D1C71EA9FA7100D6DC45 /* category_bg33.png */,
				0305D1C81EA9FA7100D6DC45 /* category_header.png */,
				0305D1CE1EA9FA7100D6DC45 /* iphone_left_navigation_bg@2x.png */,
				0305D1CF1EA9FA7100D6DC45 /* iphone_sub-heading-bar_smaller@2x.png */,
				0305D1D01EA9FA7100D6DC45 /* iphone_top_bar_bg@2x.png */,
				0305D1D11EA9FA7100D6DC45 /* Menu.jpg */,
				0305D1D21EA9FA7100D6DC45 /* splash.jpg */,
				0305D1D31EA9FA7100D6DC45 /* sub-heading-bar_small@2x.png */,
				C8CB624F1EA0D307001927D0 /* main.m */,
			);
			name = "Supporting Files";
			sourceTree = "<group>";
		};
/* End PBXGroup section */

/* Begin PBXNativeTarget section */
		C8CB624A1EA0D307001927D0 /* Application */ = {
			isa = PBXNativeTarget;
			buildConfigurationList = C8CB62651EA0D307001927D0 /* Build configuration list for PBXNativeTarget "Application" */;
			buildPhases = (
				C8CB62471EA0D307001927D0 /* Sources */,
				C8CB62481EA0D307001927D0 /* Frameworks */,
				C8CB62491EA0D307001927D0 /* Resources */,
			);
			buildRules = (
			);
			dependencies = (
			);
			name = Application;
			productName = Application;
			productReference = C8CB624B1EA0D307001927D0 /* Application.app */;
			productType = "com.apple.product-type.application";
		};
/* End PBXNativeTarget section */

/* Begin PBXProject section */
		C8CB62431EA0D307001927D0 /* Project object */ = {
			isa = PBXProject;
			attributes = {
				LastUpgradeCheck = 0820;
				ORGANIZATIONNAME = 2plebs;
				TargetAttributes = {
					C8CB624A1EA0D307001927D0 = {
						CreatedOnToolsVersion = 7.3.1;
					};
				};
			};
			buildConfigurationList = C8CB62461EA0D307001927D0 /* Build configuration list for PBXProject "Application" */;
			compatibilityVersion = "Xcode 3.2";
			developmentRegion = English;
			hasScannedForEncodings = 0;
			knownRegions = (
				en,
				Base,
			);
			mainGroup = C8CB62421EA0D307001927D0;
			productRefGroup = C8CB624C1EA0D307001927D0 /* Products */;
			projectDirPath = "";
			projectRoot = "";
			targets = (
				C8CB624A1EA0D307001927D0 /* Application */,
			);
		};
/* End PBXProject section */

/* Begin PBXResourcesBuildPhase section */
		C8CB62491EA0D307001927D0 /* Resources */ = {
			isa = PBXResourcesBuildPhase;
			buildActionMask = 2147483647;
			files = (
				0305D1D41EA9FA7100D6DC45 /* btn_done_normal@2x.png in Resources */,
				036ABF011EDB203F00F16869 /* penne pasta.png in Resources */,
				036ABEE81EDB203F00F16869 /* Kungpaochicken.png in Resources */,
				03E015F31ED98ADD00193579 /* RegisterViewController.xib in Resources */,
				036ABEE71EDB203F00F16869 /* Hakka noodles.png in Resources */,
				036ABEEA1EDB203F00F16869 /* sushi rols.png in Resources */,
				0305D1D81EA9FA7100D6DC45 /* btn_right_nav_normal@2x.png in Resources */,
				0305D1ED1EAA10AD00D6DC45 /* Menu_Category.jpg in Resources */,
				036ABEE21EDB203F00F16869 /* fried onion rings.png in Resources */,
				0305D1E01EA9FA7100D6DC45 /* Menu.jpg in Resources */,
				0305D1D61EA9FA7100D6DC45 /* btn_left_nav_normal@2x.png in Resources */,
				0305D1D71EA9FA7100D6DC45 /* btn_left_nav_pressed@2x.png in Resources */,
				036ABF061EDB203F00F16869 /* Salad-With-Apple-And-Bleu-Cheese-PNG.png in Resources */,
				036ABEEC1EDB203F00F16869 /* lemon tart.png in Resources */,
				036ABEFF1EDB203F00F16869 /* confit de canard.png in Resources */,
				0305D1DC1EA9FA7100D6DC45 /* category_header.png in Resources */,
				0305D1E61EAA0BD800D6DC45 /* iphone_body_bg@2x.png in Resources */,
				036ABF021EDB203F00F16869 /* quiche.png in Resources */,
				036ABEF01EDB203F00F16869 /* waffle with ice cream.png in Resources */,
				036ABEF61EDB203F00F16869 /* Margarita.png in Resources */,
				036ABEF91EDB203F00F16869 /* fried_chicken_PNG14107.png in Resources */,
				036ABEFC1EDB203F00F16869 /* Single Patty Beef Burger PNG-420x249.png in Resources */,
				036ABEFD1EDB203F00F16869 /* alfredo pasta.png in Resources */,
				036ABF071EDB203F00F16869 /* Taco-Salad-Tortilla-Bowl-PNG-289x279.png in Resources */,
				036ABEF71EDB203F00F16869 /* bologna sandwich.png in Resources */,
				036ABEF81EDB203F00F16869 /* burger_sandwich_PNG4150.png in Resources */,
				031D02D21EA7F7B600045B93 /* MainMenuSubViewViewController.xib in Resources */,
				0305D1DA1EA9FA7100D6DC45 /* category_bg@2x.png in Resources */,
				036ABEED1EDB203F00F16869 /* mini_lava_cake.png in Resources */,
				036ABF051EDB203F00F16869 /* Salad-PNG-401x279.png in Resources */,
				0305D1E11EA9FA7100D6DC45 /* splash.jpg in Resources */,
				0305D1D51EA9FA7100D6DC45 /* btn_done_pressed@2x.png in Resources */,
				C8CB62611EA0D307001927D0 /* LaunchScreen.storyboard in Resources */,
				036ABF031EDB203F00F16869 /* Grilled-Chicken-Caesar-Salad-PNG.png in Resources */,
				031BDC321EA21BFE0010E93B /* LoginController.xib in Resources */,
				036ABEE01EDB203F00F16869 /* chicken nuggets.png in Resources */,
				036ABEF31EDB203F00F16869 /* Drink-PNG-180x180.png in Resources */,
				036ABF001EDB203F00F16869 /* french toasts.png in Resources */,
				0305D1DB1EA9FA7100D6DC45 /* category_bg33.png in Resources */,
				036ABEE41EDB203F00F16869 /* fries and sausages.png in Resources */,
				036ABEEE1EDB203F00F16869 /* strawberry cheesecke.png in Resources */,
				036ABEEB1EDB203F00F16869 /* bakhlawa.png in Resources */,
				036ABF041EDB203F00F16869 /* Habit-Burger-Salad-PNG-319x279.png in Resources */,
				036ABEE31EDB203F00F16869 /* fried shrimps.png in Resources */,
				036ABEF41EDB203F00F16869 /* Drink-PNG-8-180x180.png in Resources */,
				036ABF081EDB203F00F16869 /* Tuna-Salad-PNG-409x279.png in Resources */,
				034991811EAD066A007DCAC7 /* CustomLeftNavigationTableViewCell.xib in Resources */,
				031BDC431EA28E520010E93B /* SplashScreenViewController.xib in Resources */,
				036ABEE91EDB203F00F16869 /* prawn soup.png in Resources */,
				036ABEFE1EDB203F00F16869 /* cassoulet.png in Resources */,
				036ABEEF1EDB203F00F16869 /* sundae-529x1024.png in Resources */,
				036ABEE51EDB203F00F16869 /* chicken chowmein.png in Resources */,
				036ABEF11EDB203F00F16869 /* Black Mamba.png in Resources */,
				0305D1DE1EA9FA7100D6DC45 /* iphone_sub-heading-bar_smaller@2x.png in Resources */,
				0305D1E41EAA0AEF00D6DC45 /* Side-Nav.jpg in Resources */,
				036ABEFA1EDB203F00F16869 /* pizza_PNG7135.png in Resources */,
				036ABEF51EDB203F00F16869 /* Lemonade 180x180.png in Resources */,
				036ABEE11EDB203F00F16869 /* Fortune_cookie.png in Resources */,
				0305D1DD1EA9FA7100D6DC45 /* iphone_left_navigation_bg@2x.png in Resources */,
				036ABEF21EDB203F00F16869 /* Cocacola.png in Resources */,
				C8CB625E1EA0D307001927D0 /* Assets.xcassets in Resources */,
				036ABEFB1EDB203F00F16869 /* Shack-Burger-PNG-332x279.png in Resources */,
				036ABEE61EDB203F00F16869 /* dumplings.png in Resources */,
				0305D1DF1EA9FA7100D6DC45 /* iphone_top_bar_bg@2x.png in Resources */,
				0305D1E21EA9FA7100D6DC45 /* sub-heading-bar_small@2x.png in Resources */,
				0305D1D91EA9FA7100D6DC45 /* btn_right_nav_pressed@2x.png in Resources */,
				036ABEDF1EDB203F00F16869 /* cheesy breadsticks.png in Resources */,
			);
			runOnlyForDeploymentPostprocessing = 0;
		};
/* End PBXResourcesBuildPhase section */

/* Begin PBXSourcesBuildPhase section */
		C8CB62471EA0D307001927D0 /* Sources */ = {
			isa = PBXSourcesBuildPhase;
			buildActionMask = 2147483647;
			files = (
				03E015F21ED98ADD00193579 /* RegisterViewController.m in Sources */,
				0305D1B51EA9E06D00D6DC45 /* DataStore.m in Sources */,
				0301A3A81EDA4920008F548B /* FileSystemHelper.m in Sources */,
				C8CB625C1EA0D307001927D0 /* Application.xcdatamodeld in Sources */,
				C8CB62531EA0D307001927D0 /* AppDelegate.m in Sources */,
				031BDC421EA28E520010E93B /* SplashScreenViewController.m in Sources */,
				031BDC311EA21BFE0010E93B /* LoginController.m in Sources */,
				0349917A1EACF14E007DCAC7 /* CustomLeftNavigationTableViewCell.m in Sources */,
				0304F1E11EAA784F003ADE3F /* SWRevealViewController.m in Sources */,
				031D02D11EA7F7B600045B93 /* MainMenuSubViewViewController.m in Sources */,
				C8CB62501EA0D307001927D0 /* main.m in Sources */,
				0305D1F01EAA18F100D6DC45 /* LeftNavigationMenu.m in Sources */,
			);
			runOnlyForDeploymentPostprocessing = 0;
		};
/* End PBXSourcesBuildPhase section */

/* Begin PBXVariantGroup section */
		C8CB625F1EA0D307001927D0 /* LaunchScreen.storyboard */ = {
			isa = PBXVariantGroup;
			children = (
				C8CB62601EA0D307001927D0 /* Base */,
			);
			name = LaunchScreen.storyboard;
			sourceTree = "<group>";
		};
/* End PBXVariantGroup section */

/* Begin XCBuildConfiguration section */
		C8CB62631EA0D307001927D0 /* Debug */ = {
			isa = XCBuildConfiguration;
			buildSettings = {
				ALWAYS_SEARCH_USER_PATHS = NO;
				CLANG_ANALYZER_NONNULL = YES;
				CLANG_CXX_LANGUAGE_STANDARD = "gnu++0x";
				CLANG_CXX_LIBRARY = "libc++";
				CLANG_ENABLE_MODULES = YES;
				CLANG_ENABLE_OBJC_ARC = YES;
				CLANG_WARN_BOOL_CONVERSION = YES;
				CLANG_WARN_CONSTANT_CONVERSION = YES;
				CLANG_WARN_DIRECT_OBJC_ISA_USAGE = YES_ERROR;
				CLANG_WARN_EMPTY_BODY = YES;
				CLANG_WARN_ENUM_CONVERSION = YES;
				CLANG_WARN_INFINITE_RECURSION = YES;
				CLANG_WARN_INT_CONVERSION = YES;
				CLANG_WARN_OBJC_ROOT_CLASS = YES_ERROR;
				CLANG_WARN_SUSPICIOUS_MOVE = YES;
				CLANG_WARN_UNREACHABLE_CODE = YES;
				CLANG_WARN__DUPLICATE_METHOD_MATCH = YES;
				"CODE_SIGN_IDENTITY[sdk=iphoneos*]" = "iPhone Developer";
				COPY_PHASE_STRIP = NO;
				DEBUG_INFORMATION_FORMAT = dwarf;
				ENABLE_STRICT_OBJC_MSGSEND = YES;
				ENABLE_TESTABILITY = YES;
				GCC_C_LANGUAGE_STANDARD = gnu99;
				GCC_DYNAMIC_NO_PIC = NO;
				GCC_NO_COMMON_BLOCKS = YES;
				GCC_OPTIMIZATION_LEVEL = 0;
				GCC_PREPROCESSOR_DEFINITIONS = (
					"DEBUG=1",
					"$(inherited)",
				);
				GCC_WARN_64_TO_32_BIT_CONVERSION = YES;
				GCC_WARN_ABOUT_RETURN_TYPE = YES_ERROR;
				GCC_WARN_UNDECLARED_SELECTOR = YES;
				GCC_WARN_UNINITIALIZED_AUTOS = YES_AGGRESSIVE;
				GCC_WARN_UNUSED_FUNCTION = YES;
				GCC_WARN_UNUSED_VARIABLE = YES;
				IPHONEOS_DEPLOYMENT_TARGET = 9.3;
				MTL_ENABLE_DEBUG_INFO = YES;
				ONLY_ACTIVE_ARCH = YES;
				SDKROOT = iphoneos;
			};
			name = Debug;
		};
		C8CB62641EA0D307001927D0 /* Release */ = {
			isa = XCBuildConfiguration;
			buildSettings = {
				ALWAYS_SEARCH_USER_PATHS = NO;
				CLANG_ANALYZER_NONNULL = YES;
				CLANG_CXX_LANGUAGE_STANDARD = "gnu++0x";
				CLANG_CXX_LIBRARY = "libc++";
				CLANG_ENABLE_MODULES = YES;
				CLANG_ENABLE_OBJC_ARC = YES;
				CLANG_WARN_BOOL_CONVERSION = YES;
				CLANG_WARN_CONSTANT_CONVERSION = YES;
				CLANG_WARN_DIRECT_OBJC_ISA_USAGE = YES_ERROR;
				CLANG_WARN_EMPTY_BODY = YES;
				CLANG_WARN_ENUM_CONVERSION = YES;
				CLANG_WARN_INFINITE_RECURSION = YES;
				CLANG_WARN_INT_CONVERSION = YES;
				CLANG_WARN_OBJC_ROOT_CLASS = YES_ERROR;
				CLANG_WARN_SUSPICIOUS_MOVE = YES;
				CLANG_WARN_UNREACHABLE_CODE = YES;
				CLANG_WARN__DUPLICATE_METHOD_MATCH = YES;
				"CODE_SIGN_IDENTITY[sdk=iphoneos*]" = "iPhone Developer";
				COPY_PHASE_STRIP = NO;
				DEBUG_INFORMATION_FORMAT = "dwarf-with-dsym";
				ENABLE_NS_ASSERTIONS = NO;
				ENABLE_STRICT_OBJC_MSGSEND = YES;
				GCC_C_LANGUAGE_STANDARD = gnu99;
				GCC_NO_COMMON_BLOCKS = YES;
				GCC_WARN_64_TO_32_BIT_CONVERSION = YES;
				GCC_WARN_ABOUT_RETURN_TYPE = YES_ERROR;
				GCC_WARN_UNDECLARED_SELECTOR = YES;
				GCC_WARN_UNINITIALIZED_AUTOS = YES_AGGRESSIVE;
				GCC_WARN_UNUSED_FUNCTION = YES;
				GCC_WARN_UNUSED_VARIABLE = YES;
				IPHONEOS_DEPLOYMENT_TARGET = 9.3;
				MTL_ENABLE_DEBUG_INFO = NO;
				SDKROOT = iphoneos;
				VALIDATE_PRODUCT = YES;
			};
			name = Release;
		};
		C8CB62661EA0D307001927D0 /* Debug */ = {
			isa = XCBuildConfiguration;
			buildSettings = {
				INFOPLIST_FILE = Application/Info.plist;
				LD_RUNPATH_SEARCH_PATHS = "$(inherited) @executable_path/Frameworks";
				PRODUCT_BUNDLE_IDENTIFIER = "-plebs.Application";
				PRODUCT_NAME = "$(TARGET_NAME)";
			};
			name = Debug;
		};
		C8CB62671EA0D307001927D0 /* Release */ = {
			isa = XCBuildConfiguration;
			buildSettings = {
				INFOPLIST_FILE = Application/Info.plist;
				LD_RUNPATH_SEARCH_PATHS = "$(inherited) @executable_path/Frameworks";
				PRODUCT_BUNDLE_IDENTIFIER = "-plebs.Application";
				PRODUCT_NAME = "$(TARGET_NAME)";
			};
			name = Release;
		};
/* End XCBuildConfiguration section */

/* Begin XCConfigurationList section */
		C8CB62461EA0D307001927D0 /* Build configuration list for PBXProject "Application" */ = {
			isa = XCConfigurationList;
			buildConfigurations = (
				C8CB62631EA0D307001927D0 /* Debug */,
				C8CB62641EA0D307001927D0 /* Release */,
			);
			defaultConfigurationIsVisible = 0;
			defaultConfigurationName = Release;
		};
		C8CB62651EA0D307001927D0 /* Build configuration list for PBXNativeTarget "Application" */ = {
			isa = XCConfigurationList;
			buildConfigurations = (
				C8CB62661EA0D307001927D0 /* Debug */,
				C8CB62671EA0D307001927D0 /* Release */,
			);
			defaultConfigurationIsVisible = 0;
			defaultConfigurationName = Release;
		};
/* End XCConfigurationList section */

/* Begin XCVersionGroup section */
		C8CB625A1EA0D307001927D0 /* Application.xcdatamodeld */ = {
			isa = XCVersionGroup;
			children = (
				C8CB625B1EA0D307001927D0 /* Application.xcdatamodel */,
			);
			currentVersion = C8CB625B1EA0D307001927D0 /* Application.xcdatamodel */;
			path = Application.xcdatamodeld;
			sourceTree = "<group>";
			versionGroupType = wrapper.xcdatamodel;
		};
/* End XCVersionGroup section */
	};
	rootObject = C8CB62431EA0D307001927D0 /* Project object */;
}
