// !$*UTF8*$!
{
	archiveVersion = 1;
	classes = {
	};
	objectVersion = 46;
	objects = {

/* Begin PBXBuildFile section */
		0304F1E11EAA784F003ADE3F /* SWRevealViewController.m in Sources */ = {isa = PBXBuildFile; fileRef = 0304F1E01EAA784F003ADE3F /* SWRevealViewController.m */; };
		0305D1B51EA9E06D00D6DC45 /* DataStore.m in Sources */ = {isa = PBXBuildFile; fileRef = 0305D1B41EA9E06D00D6DC45 /* DataStore.m */; };
		0305D1D41EA9FA7100D6DC45 /* btn_done_normal@2x.png in Resources */ = {isa = PBXBuildFile; fileRef = 0305D1C01EA9FA7100D6DC45 /* btn_done_normal@2x.png */; };
		0305D1D51EA9FA7100D6DC45 /* btn_done_pressed@2x.png in Resources */ = {isa = PBXBuildFile; fileRef = 0305D1C11EA9FA7100D6DC45 /* btn_done_pressed@2x.png */; };
		0305D1D61EA9FA7100D6DC45 /* btn_left_nav_normal@2x.png in Resources */ = {isa = PBXBuildFile; fileRef = 0305D1C21EA9FA7100D6DC45 /* btn_left_nav_normal@2x.png */; };
		0305D1D71EA9FA7100D6DC45 /* btn_left_nav_pressed@2x.png in Resources */ = {isa = PBXBuildFile; fileRef = 0305D1C31EA9FA7100D6DC45 /* btn_left_nav_pressed@2x.png */; };
		0305D1D81EA9FA7100D6DC45 /* btn_right_nav_normal@2x.png in Resources */ = {isa = PBXBuildFile; fileRef = 0305D1C41EA9FA7100D6DC45 /* btn_right_nav_normal@2x.png */; };
		0305D1D91EA9FA7100D6DC45 /* btn_right_nav_pressed@2x.png in Resources */ = {isa = PBXBuildFile; fileRef = 0305D1C51EA9FA7100D6DC45 /* btn_right_nav_pressed@2x.png */; };
		0305D1DA1EA9FA7100D6DC45 /* category_bg@2x.png in Resources */ = {isa = PBXBuildFile; fileRef = 0305D1C61EA9FA7100D6DC45 /* category_bg@2x.png */; };
		0305D1DB1EA9FA7100D6DC45 /* category_bg33.png in Resources */ = {isa = PBXBuildFile; fileRef = 0305D1C71EA9FA7100D6DC45 /* category_bg33.png */; };
		0305D1DC1EA9FA7100D6DC45 /* category_header.png in Resources */ = {isa = PBXBuildFile; fileRef = 0305D1C81EA9FA7100D6DC45 /* category_header.png */; };
		0305D1DD1EA9FA7100D6DC45 /* iphone_left_navigation_bg@2x.png in Resources */ = {isa = PBXBuildFile; fileRef = 0305D1CE1EA9FA7100D6DC45 /* iphone_left_navigation_bg@2x.png */; };
		0305D1DE1EA9FA7100D6DC45 /* iphone_sub-heading-bar_smaller@2x.png in Resources */ = {isa = PBXBuildFile; fileRef = 0305D1CF1EA9FA7100D6DC45 /* iphone_sub-heading-bar_smaller@2x.png */; };
		0305D1DF1EA9FA7100D6DC45 /* iphone_top_bar_bg@2x.png in Resources */ = {isa = PBXBuildFile; fileRef = 0305D1D01EA9FA7100D6DC45 /* iphone_top_bar_bg@2x.png */; };
		0305D1E01EA9FA7100D6DC45 /* Menu.jpg in Resources */ = {isa = PBXBuildFile; fileRef = 0305D1D11EA9FA7100D6DC45 /* Menu.jpg */; };
		0305D1E11EA9FA7100D6DC45 /* splash.jpg in Resources */ = {isa = PBXBuildFile; fileRef = 0305D1D21EA9FA7100D6DC45 /* splash.jpg */; };
		0305D1E21EA9FA7100D6DC45 /* sub-heading-bar_small@2x.png in Resources */ = {isa = PBXBuildFile; fileRef = 0305D1D31EA9FA7100D6DC45 /* sub-heading-bar_small@2x.png */; };
		0305D1E41EAA0AEF00D6DC45 /* Side-Nav.jpg in Resources */ = {isa = PBXBuildFile; fileRef = 0305D1E31EAA0AEF00D6DC45 /* Side-Nav.jpg */; };
		0305D1E61EAA0BD800D6DC45 /* iphone_body_bg@2x.png in Resources */ = {isa = PBXBuildFile; fileRef = 0305D1E51EAA0BD800D6DC45 /* iphone_body_bg@2x.png */; };
		0305D1ED1EAA10AD00D6DC45 /* Menu_Category.jpg in Resources */ = {isa = PBXBuildFile; fileRef = 0305D1EC1EAA10AD00D6DC45 /* Menu_Category.jpg */; };
		0305D1F01EAA18F100D6DC45 /* LeftNavigationMenu.m in Sources */ = {isa = PBXBuildFile; fileRef = 0305D1EF1EAA18F100D6DC45 /* LeftNavigationMenu.m */; };
		031BDC311EA21BFE0010E93B /* LoginController.m in Sources */ = {isa = PBXBuildFile; fileRef = 031BDC2F1EA21BFE0010E93B /* LoginController.m */; };
		031BDC321EA21BFE0010E93B /* LoginController.xib in Resources */ = {isa = PBXBuildFile; fileRef = 031BDC301EA21BFE0010E93B /* LoginController.xib */; };
		031BDC421EA28E520010E93B /* SplashScreenViewController.m in Sources */ = {isa = PBXBuildFile; fileRef = 031BDC401EA28E520010E93B /* SplashScreenViewController.m */; };
		031BDC431EA28E520010E93B /* SplashScreenViewController.xib in Resources */ = {isa = PBXBuildFile; fileRef = 031BDC411EA28E520010E93B /* SplashScreenViewController.xib */; };
		031D02D11EA7F7B600045B93 /* MainMenuSubViewViewController.m in Sources */ = {isa = PBXBuildFile; fileRef = 031D02CF1EA7F7B600045B93 /* MainMenuSubViewViewController.m */; };
		031D02D21EA7F7B600045B93 /* MainMenuSubViewViewController.xib in Resources */ = {isa = PBXBuildFile; fileRef = 031D02D01EA7F7B600045B93 /* MainMenuSubViewViewController.xib */; };
		C8CB62501EA0D307001927D0 /* main.m in Sources */ = {isa = PBXBuildFile; fileRef = C8CB624F1EA0D307001927D0 /* main.m */; };
		C8CB62531EA0D307001927D0 /* AppDelegate.m in Sources */ = {isa = PBXBuildFile; fileRef = C8CB62521EA0D307001927D0 /* AppDelegate.m */; };
		C8CB625C1EA0D307001927D0 /* Application.xcdatamodeld in Sources */ = {isa = PBXBuildFile; fileRef = C8CB625A1EA0D307001927D0 /* Application.xcdatamodeld */; };
		C8CB625E1EA0D307001927D0 /* Assets.xcassets in Resources */ = {isa = PBXBuildFile; fileRef = C8CB625D1EA0D307001927D0 /* Assets.xcassets */; };
		C8CB62611EA0D307001927D0 /* LaunchScreen.storyboard in Resources */ = {isa = PBXBuildFile; fileRef = C8CB625F1EA0D307001927D0 /* LaunchScreen.storyboard */; };
/* End PBXBuildFile section */

/* Begin PBXFileReference section */
		0304F1DF1EAA784F003ADE3F /* SWRevealViewController.h */ = {isa = PBXFileReference; fileEncoding = 4; lastKnownFileType = sourcecode.c.h; path = SWRevealViewController.h; sourceTree = "<group>"; };
		0304F1E01EAA784F003ADE3F /* SWRevealViewController.m */ = {isa = PBXFileReference; fileEncoding = 4; lastKnownFileType = sourcecode.c.objc; path = SWRevealViewController.m; sourceTree = "<group>"; };
		0305D1B31EA9E06D00D6DC45 /* DataStore.h */ = {isa = PBXFileReference; fileEncoding = 4; lastKnownFileType = sourcecode.c.h; path = DataStore.h; sourceTree = "<group>"; };
		0305D1B41EA9E06D00D6DC45 /* DataStore.m */ = {isa = PBXFileReference; fileEncoding = 4; lastKnownFileType = sourcecode.c.objc; path = DataStore.m; sourceTree = "<group>"; };
		0305D1C01EA9FA7100D6DC45 /* btn_done_normal@2x.png */ = {isa = PBXFileReference; lastKnownFileType = image.png; name = "btn_done_normal@2x.png"; path = "Props/btn_done_normal@2x.png"; sourceTree = "<group>"; };
		0305D1C11EA9FA7100D6DC45 /* btn_done_pressed@2x.png */ = {isa = PBXFileReference; lastKnownFileType = image.png; name = "btn_done_pressed@2x.png"; path = "Props/btn_done_pressed@2x.png"; sourceTree = "<group>"; };
		0305D1C21EA9FA7100D6DC45 /* btn_left_nav_normal@2x.png */ = {isa = PBXFileReference; lastKnownFileType = image.png; name = "btn_left_nav_normal@2x.png"; path = "Props/btn_left_nav_normal@2x.png"; sourceTree = "<group>"; };
		0305D1C31EA9FA7100D6DC45 /* btn_left_nav_pressed@2x.png */ = {isa = PBXFileReference; lastKnownFileType = image.png; name = "btn_left_nav_pressed@2x.png"; path = "Props/btn_left_nav_pressed@2x.png"; sourceTree = "<group>"; };
		0305D1C41EA9FA7100D6DC45 /* btn_right_nav_normal@2x.png */ = {isa = PBXFileReference; lastKnownFileType = image.png; name = "btn_right_nav_normal@2x.png"; path = "Props/btn_right_nav_normal@2x.png"; sourceTree = "<group>"; };
		0305D1C51EA9FA7100D6DC45 /* btn_right_nav_pressed@2x.png */ = {isa = PBXFileReference; lastKnownFileType = image.png; name = "btn_right_nav_pressed@2x.png"; path = "Props/btn_right_nav_pressed@2x.png"; sourceTree = "<group>"; };
		0305D1C61EA9FA7100D6DC45 /* category_bg@2x.png */ = {isa = PBXFileReference; lastKnownFileType = image.png; name = "category_bg@2x.png"; path = "Props/category_bg@2x.png"; sourceTree = "<group>"; };
		0305D1C71EA9FA7100D6DC45 /* category_bg33.png */ = {isa = PBXFileReference; lastKnownFileType = image.png; name = category_bg33.png; path = Props/category_bg33.png; sourceTree = "<group>"; };
		0305D1C81EA9FA7100D6DC45 /* category_header.png */ = {isa = PBXFileReference; lastKnownFileType = image.png; name = category_header.png; path = Props/category_header.png; sourceTree = "<group>"; };
		0305D1CE1EA9FA7100D6DC45 /* iphone_left_navigation_bg@2x.png */ = {isa = PBXFileReference; lastKnownFileType = image.png; name = "iphone_left_navigation_bg@2x.png"; path = "Props/iphone_left_navigation_bg@2x.png"; sourceTree = "<group>"; };
		0305D1CF1EA9FA7100D6DC45 /* iphone_sub-heading-bar_smaller@2x.png */ = {isa = PBXFileReference; lastKnownFileType = image.png; name = "iphone_sub-heading-bar_smaller@2x.png"; path = "Props/iphone_sub-heading-bar_smaller@2x.png"; sourceTree = "<group>"; };
		0305D1D01EA9FA7100D6DC45 /* iphone_top_bar_bg@2x.png */ = {isa = PBXFileReference; lastKnownFileType = image.png; name = "iphone_top_bar_bg@2x.png"; path = "Props/iphone_top_bar_bg@2x.png"; sourceTree = "<group>"; };
		0305D1D11EA9FA7100D6DC45 /* Menu.jpg */ = {isa = PBXFileReference; lastKnownFileType = image.jpeg; name = Menu.jpg; path = Props/Menu.jpg; sourceTree = "<group>"; };
		0305D1D21EA9FA7100D6DC45 /* splash.jpg */ = {isa = PBXFileReference; lastKnownFileType = image.jpeg; name = splash.jpg; path = Props/splash.jpg; sourceTree = "<group>"; };
		0305D1D31EA9FA7100D6DC45 /* sub-heading-bar_small@2x.png */ = {isa = PBXFileReference; lastKnownFileType = image.png; name = "sub-heading-bar_small@2x.png"; path = "Props/sub-heading-bar_small@2x.png"; sourceTree = "<group>"; };
		0305D1E31EAA0AEF00D6DC45 /* Side-Nav.jpg */ = {isa = PBXFileReference; lastKnownFileType = image.jpeg; name = "Side-Nav.jpg"; path = "Props/Side-Nav.jpg"; sourceTree = "<group>"; };
		0305D1E51EAA0BD800D6DC45 /* iphone_body_bg@2x.png */ = {isa = PBXFileReference; lastKnownFileType = image.png; name = "iphone_body_bg@2x.png"; path = "Props/Fonts/iphone_body_bg@2x.png"; sourceTree = "<group>"; };
		0305D1EC1EAA10AD00D6DC45 /* Menu_Category.jpg */ = {isa = PBXFileReference; lastKnownFileType = image.jpeg; name = Menu_Category.jpg; path = Props/Menu_Category.jpg; sourceTree = "<group>"; };
		0305D1EE1EAA18F100D6DC45 /* LeftNavigationMenu.h */ = {isa = PBXFileReference; fileEncoding = 4; lastKnownFileType = sourcecode.c.h; path = LeftNavigationMenu.h; sourceTree = "<group>"; };
		0305D1EF1EAA18F100D6DC45 /* LeftNavigationMenu.m */ = {isa = PBXFileReference; fileEncoding = 4; lastKnownFileType = sourcecode.c.objc; path = LeftNavigationMenu.m; sourceTree = "<group>"; };
		031BDC2E1EA21BFE0010E93B /* LoginController.h */ = {isa = PBXFileReference; fileEncoding = 4; lastKnownFileType = sourcecode.c.h; path = LoginController.h; sourceTree = "<group>"; };
		031BDC2F1EA21BFE0010E93B /* LoginController.m */ = {isa = PBXFileReference; fileEncoding = 4; lastKnownFileType = sourcecode.c.objc; path = LoginController.m; sourceTree = "<group>"; };
		031BDC301EA21BFE0010E93B /* LoginController.xib */ = {isa = PBXFileReference; fileEncoding = 4; lastKnownFileType = file.xib; path = LoginController.xib; sourceTree = "<group>"; };
		031BDC3F1EA28E520010E93B /* SplashScreenViewController.h */ = {isa = PBXFileReference; fileEncoding = 4; lastKnownFileType = sourcecode.c.h; path = SplashScreenViewController.h; sourceTree = "<group>"; };
		031BDC401EA28E520010E93B /* SplashScreenViewController.m */ = {isa = PBXFileReference; fileEncoding = 4; lastKnownFileType = sourcecode.c.objc; path = SplashScreenViewController.m; sourceTree = "<group>"; };
		031BDC411EA28E520010E93B /* SplashScreenViewController.xib */ = {isa = PBXFileReference; fileEncoding = 4; lastKnownFileType = file.xib; path = SplashScreenViewController.xib; sourceTree = "<group>"; };
		031D02CE1EA7F7B600045B93 /* MainMenuSubViewViewController.h */ = {isa = PBXFileReference; fileEncoding = 4; lastKnownFileType = sourcecode.c.h; path = MainMenuSubViewViewController.h; sourceTree = "<group>"; };
		031D02CF1EA7F7B600045B93 /* MainMenuSubViewViewController.m */ = {isa = PBXFileReference; fileEncoding = 4; lastKnownFileType = sourcecode.c.objc; path = MainMenuSubViewViewController.m; sourceTree = "<group>"; };
		031D02D01EA7F7B600045B93 /* MainMenuSubViewViewController.xib */ = {isa = PBXFileReference; fileEncoding = 4; lastKnownFileType = file.xib; path = MainMenuSubViewViewController.xib; sourceTree = "<group>"; };
		C8CB624B1EA0D307001927D0 /* Application.app */ = {isa = PBXFileReference; explicitFileType = wrapper.application; includeInIndex = 0; path = Application.app; sourceTree = BUILT_PRODUCTS_DIR; };
		C8CB624F1EA0D307001927D0 /* main.m */ = {isa = PBXFileReference; lastKnownFileType = sourcecode.c.objc; path = main.m; sourceTree = "<group>"; };
		C8CB62511EA0D307001927D0 /* AppDelegate.h */ = {isa = PBXFileReference; lastKnownFileType = sourcecode.c.h; path = AppDelegate.h; sourceTree = "<group>"; };
		C8CB62521EA0D307001927D0 /* AppDelegate.m */ = {isa = PBXFileReference; lastKnownFileType = sourcecode.c.objc; path = AppDelegate.m; sourceTree = "<group>"; };
		C8CB625B1EA0D307001927D0 /* Application.xcdatamodel */ = {isa = PBXFileReference; lastKnownFileType = wrapper.xcdatamodel; path = Application.xcdatamodel; sourceTree = "<group>"; };
		C8CB625D1EA0D307001927D0 /* Assets.xcassets */ = {isa = PBXFileReference; lastKnownFileType = folder.assetcatalog; path = Assets.xcassets; sourceTree = "<group>"; };
		C8CB62601EA0D307001927D0 /* Base */ = {isa = PBXFileReference; lastKnownFileType = file.storyboard; name = Base; path = Base.lproj/LaunchScreen.storyboard; sourceTree = "<group>"; };
		C8CB62621EA0D307001927D0 /* Info.plist */ = {isa = PBXFileReference; lastKnownFileType = text.plist.xml; path = Info.plist; sourceTree = "<group>"; };
/* End PBXFileReference section */

/* Begin PBXFrameworksBuildPhase section */
		C8CB62481EA0D307001927D0 /* Frameworks */ = {
			isa = PBXFrameworksBuildPhase;
			buildActionMask = 2147483647;
			files = (
			);
			runOnlyForDeploymentPostprocessing = 0;
		};
/* End PBXFrameworksBuildPhase section */

/* Begin PBXGroup section */
		0304F1DE1EAA784F003ADE3F /* SWRevealViewController */ = {
			isa = PBXGroup;
			children = (
				0304F1DF1EAA784F003ADE3F /* SWRevealViewController.h */,
				0304F1E01EAA784F003ADE3F /* SWRevealViewController.m */,
			);
			path = SWRevealViewController;
			sourceTree = "<group>";
		};
		0305D1C91EA9FA7100D6DC45 /* Fonts */ = {
			isa = PBXGroup;
			children = (
				0305D1CA1EA9FA7100D6DC45 /* Audio */,
				0305D1CB1EA9FA7100D6DC45 /* Oxygen */,
				0305D1CC1EA9FA7100D6DC45 /* Script MT Bold */,
				0305D1CD1EA9FA7100D6DC45 /* Segoe UI */,
			);
			name = Fonts;
			path = Props/Fonts;
			sourceTree = "<group>";
		};
		0305D1CA1EA9FA7100D6DC45 /* Audio */ = {
			isa = PBXGroup;
			children = (
			);
			path = Audio;
			sourceTree = "<group>";
		};
		0305D1CB1EA9FA7100D6DC45 /* Oxygen */ = {
			isa = PBXGroup;
			children = (
			);
			path = Oxygen;
			sourceTree = "<group>";
		};
		0305D1CC1EA9FA7100D6DC45 /* Script MT Bold */ = {
			isa = PBXGroup;
			children = (
			);
			path = "Script MT Bold";
			sourceTree = "<group>";
		};
		0305D1CD1EA9FA7100D6DC45 /* Segoe UI */ = {
			isa = PBXGroup;
			children = (
			);
			path = "Segoe UI";
			sourceTree = "<group>";
		};
		C8CB62421EA0D307001927D0 = {
			isa = PBXGroup;
			children = (
				C8CB624D1EA0D307001927D0 /* Application */,
				C8CB624C1EA0D307001927D0 /* Products */,
			);
			sourceTree = "<group>";
		};
		C8CB624C1EA0D307001927D0 /* Products */ = {
			isa = PBXGroup;
			children = (
				C8CB624B1EA0D307001927D0 /* Application.app */,
			);
			name = Products;
			sourceTree = "<group>";
		};
		C8CB624D1EA0D307001927D0 /* Application */ = {
			isa = PBXGroup;
			children = (
				0304F1DE1EAA784F003ADE3F /* SWRevealViewController */,
				C8CB62511EA0D307001927D0 /* AppDelegate.h */,
				C8CB62521EA0D307001927D0 /* AppDelegate.m */,
				C8CB625D1EA0D307001927D0 /* Assets.xcassets */,
				C8CB625F1EA0D307001927D0 /* LaunchScreen.storyboard */,
				C8CB62621EA0D307001927D0 /* Info.plist */,
				C8CB625A1EA0D307001927D0 /* Application.xcdatamodeld */,
				C8CB624E1EA0D307001927D0 /* Supporting Files */,
				031BDC2E1EA21BFE0010E93B /* LoginController.h */,
				031BDC2F1EA21BFE0010E93B /* LoginController.m */,
				031BDC301EA21BFE0010E93B /* LoginController.xib */,
				031BDC3F1EA28E520010E93B /* SplashScreenViewController.h */,
				031BDC401EA28E520010E93B /* SplashScreenViewController.m */,
				031BDC411EA28E520010E93B /* SplashScreenViewController.xib */,
				031D02CE1EA7F7B600045B93 /* MainMenuSubViewViewController.h */,
				031D02CF1EA7F7B600045B93 /* MainMenuSubViewViewController.m */,
				031D02D01EA7F7B600045B93 /* MainMenuSubViewViewController.xib */,
				0305D1B31EA9E06D00D6DC45 /* DataStore.h */,
				0305D1B41EA9E06D00D6DC45 /* DataStore.m */,
				0305D1EE1EAA18F100D6DC45 /* LeftNavigationMenu.h */,
				0305D1EF1EAA18F100D6DC45 /* LeftNavigationMenu.m */,
			);
			path = Application;
			sourceTree = "<group>";
		};
		C8CB624E1EA0D307001927D0 /* Supporting Files */ = {
			isa = PBXGroup;
			children = (
				0305D1C91EA9FA7100D6DC45 /* Fonts */,
				0305D1E51EAA0BD800D6DC45 /* iphone_body_bg@2x.png */,
				0305D1EC1EAA10AD00D6DC45 /* Menu_Category.jpg */,
				0305D1E31EAA0AEF00D6DC45 /* Side-Nav.jpg */,
				0305D1C01EA9FA7100D6DC45 /* btn_done_normal@2x.png */,
				0305D1C11EA9FA7100D6DC45 /* btn_done_pressed@2x.png */,
				0305D1C21EA9FA7100D6DC45 /* btn_left_nav_normal@2x.png */,
				0305D1C31EA9FA7100D6DC45 /* btn_left_nav_pressed@2x.png */,
				0305D1C41EA9FA7100D6DC45 /* btn_right_nav_normal@2x.png */,
				0305D1C51EA9FA7100D6DC45 /* btn_right_nav_pressed@2x.png */,
				0305D1C61EA9FA7100D6DC45 /* category_bg@2x.png */,
				0305D1C71EA9FA7100D6DC45 /* category_bg33.png */,
				0305D1C81EA9FA7100D6DC45 /* category_header.png */,
				0305D1CE1EA9FA7100D6DC45 /* iphone_left_navigation_bg@2x.png */,
				0305D1CF1EA9FA7100D6DC45 /* iphone_sub-heading-bar_smaller@2x.png */,
				0305D1D01EA9FA7100D6DC45 /* iphone_top_bar_bg@2x.png */,
				0305D1D11EA9FA7100D6DC45 /* Menu.jpg */,
				0305D1D21EA9FA7100D6DC45 /* splash.jpg */,
				0305D1D31EA9FA7100D6DC45 /* sub-heading-bar_small@2x.png */,
				C8CB624F1EA0D307001927D0 /* main.m */,
			);
			name = "Supporting Files";
			sourceTree = "<group>";
		};
/* End PBXGroup section */

/* Begin PBXNativeTarget section */
		C8CB624A1EA0D307001927D0 /* Application */ = {
			isa = PBXNativeTarget;
			buildConfigurationList = C8CB62651EA0D307001927D0 /* Build configuration list for PBXNativeTarget "Application" */;
			buildPhases = (
				C8CB62471EA0D307001927D0 /* Sources */,
				C8CB62481EA0D307001927D0 /* Frameworks */,
				C8CB62491EA0D307001927D0 /* Resources */,
			);
			buildRules = (
			);
			dependencies = (
			);
			name = Application;
			productName = Application;
			productReference = C8CB624B1EA0D307001927D0 /* Application.app */;
			productType = "com.apple.product-type.application";
		};
/* End PBXNativeTarget section */

/* Begin PBXProject section */
		C8CB62431EA0D307001927D0 /* Project object */ = {
			isa = PBXProject;
			attributes = {
				LastUpgradeCheck = 0820;
				ORGANIZATIONNAME = 2plebs;
				TargetAttributes = {
					C8CB624A1EA0D307001927D0 = {
						CreatedOnToolsVersion = 7.3.1;
					};
				};
			};
			buildConfigurationList = C8CB62461EA0D307001927D0 /* Build configuration list for PBXProject "Application" */;
			compatibilityVersion = "Xcode 3.2";
			developmentRegion = English;
			hasScannedForEncodings = 0;
			knownRegions = (
				en,
				Base,
			);
			mainGroup = C8CB62421EA0D307001927D0;
			productRefGroup = C8CB624C1EA0D307001927D0 /* Products */;
			projectDirPath = "";
			projectRoot = "";
			targets = (
				C8CB624A1EA0D307001927D0 /* Application */,
			);
		};
/* End PBXProject section */

/* Begin PBXResourcesBuildPhase section */
		C8CB62491EA0D307001927D0 /* Resources */ = {
			isa = PBXResourcesBuildPhase;
			buildActionMask = 2147483647;
			files = (
				0305D1D41EA9FA7100D6DC45 /* btn_done_normal@2x.png in Resources */,
				0305D1D81EA9FA7100D6DC45 /* btn_right_nav_normal@2x.png in Resources */,
				0305D1ED1EAA10AD00D6DC45 /* Menu_Category.jpg in Resources */,
				0305D1E01EA9FA7100D6DC45 /* Menu.jpg in Resources */,
				0305D1D61EA9FA7100D6DC45 /* btn_left_nav_normal@2x.png in Resources */,
				0305D1D71EA9FA7100D6DC45 /* btn_left_nav_pressed@2x.png in Resources */,
				0305D1DC1EA9FA7100D6DC45 /* category_header.png in Resources */,
				0305D1E61EAA0BD800D6DC45 /* iphone_body_bg@2x.png in Resources */,
				031D02D21EA7F7B600045B93 /* MainMenuSubViewViewController.xib in Resources */,
				0305D1DA1EA9FA7100D6DC45 /* category_bg@2x.png in Resources */,
				0305D1E11EA9FA7100D6DC45 /* splash.jpg in Resources */,
				0305D1D51EA9FA7100D6DC45 /* btn_done_pressed@2x.png in Resources */,
				C8CB62611EA0D307001927D0 /* LaunchScreen.storyboard in Resources */,
				031BDC321EA21BFE0010E93B /* LoginController.xib in Resources */,
				0305D1DB1EA9FA7100D6DC45 /* category_bg33.png in Resources */,
				031BDC431EA28E520010E93B /* SplashScreenViewController.xib in Resources */,
				0305D1DE1EA9FA7100D6DC45 /* iphone_sub-heading-bar_smaller@2x.png in Resources */,
				0305D1E41EAA0AEF00D6DC45 /* Side-Nav.jpg in Resources */,
				0305D1DD1EA9FA7100D6DC45 /* iphone_left_navigation_bg@2x.png in Resources */,
				C8CB625E1EA0D307001927D0 /* Assets.xcassets in Resources */,
				0305D1DF1EA9FA7100D6DC45 /* iphone_top_bar_bg@2x.png in Resources */,
				0305D1E21EA9FA7100D6DC45 /* sub-heading-bar_small@2x.png in Resources */,
				0305D1D91EA9FA7100D6DC45 /* btn_right_nav_pressed@2x.png in Resources */,
			);
			runOnlyForDeploymentPostprocessing = 0;
		};
/* End PBXResourcesBuildPhase section */

/* Begin PBXSourcesBuildPhase section */
		C8CB62471EA0D307001927D0 /* Sources */ = {
			isa = PBXSourcesBuildPhase;
			buildActionMask = 2147483647;
			files = (
				0305D1B51EA9E06D00D6DC45 /* DataStore.m in Sources */,
				C8CB625C1EA0D307001927D0 /* Application.xcdatamodeld in Sources */,
				C8CB62531EA0D307001927D0 /* AppDelegate.m in Sources */,
				031BDC421EA28E520010E93B /* SplashScreenViewController.m in Sources */,
				031BDC311EA21BFE0010E93B /* LoginController.m in Sources */,
				0304F1E11EAA784F003ADE3F /* SWRevealViewController.m in Sources */,
				031D02D11EA7F7B600045B93 /* MainMenuSubViewViewController.m in Sources */,
				C8CB62501EA0D307001927D0 /* main.m in Sources */,
				0305D1F01EAA18F100D6DC45 /* LeftNavigationMenu.m in Sources */,
			);
			runOnlyForDeploymentPostprocessing = 0;
		};
/* End PBXSourcesBuildPhase section */

/* Begin PBXVariantGroup section */
		C8CB625F1EA0D307001927D0 /* LaunchScreen.storyboard */ = {
			isa = PBXVariantGroup;
			children = (
				C8CB62601EA0D307001927D0 /* Base */,
			);
			name = LaunchScreen.storyboard;
			sourceTree = "<group>";
		};
/* End PBXVariantGroup section */

/* Begin XCBuildConfiguration section */
		C8CB62631EA0D307001927D0 /* Debug */ = {
			isa = XCBuildConfiguration;
			buildSettings = {
				ALWAYS_SEARCH_USER_PATHS = NO;
				CLANG_ANALYZER_NONNULL = YES;
				CLANG_CXX_LANGUAGE_STANDARD = "gnu++0x";
				CLANG_CXX_LIBRARY = "libc++";
				CLANG_ENABLE_MODULES = YES;
				CLANG_ENABLE_OBJC_ARC = YES;
				CLANG_WARN_BOOL_CONVERSION = YES;
				CLANG_WARN_CONSTANT_CONVERSION = YES;
				CLANG_WARN_DIRECT_OBJC_ISA_USAGE = YES_ERROR;
				CLANG_WARN_EMPTY_BODY = YES;
				CLANG_WARN_ENUM_CONVERSION = YES;
				CLANG_WARN_INFINITE_RECURSION = YES;
				CLANG_WARN_INT_CONVERSION = YES;
				CLANG_WARN_OBJC_ROOT_CLASS = YES_ERROR;
				CLANG_WARN_SUSPICIOUS_MOVE = YES;
				CLANG_WARN_UNREACHABLE_CODE = YES;
				CLANG_WARN__DUPLICATE_METHOD_MATCH = YES;
				"CODE_SIGN_IDENTITY[sdk=iphoneos*]" = "iPhone Developer";
				COPY_PHASE_STRIP = NO;
				DEBUG_INFORMATION_FORMAT = dwarf;
				ENABLE_STRICT_OBJC_MSGSEND = YES;
				ENABLE_TESTABILITY = YES;
				GCC_C_LANGUAGE_STANDARD = gnu99;
				GCC_DYNAMIC_NO_PIC = NO;
				GCC_NO_COMMON_BLOCKS = YES;
				GCC_OPTIMIZATION_LEVEL = 0;
				GCC_PREPROCESSOR_DEFINITIONS = (
					"DEBUG=1",
					"$(inherited)",
				);
				GCC_WARN_64_TO_32_BIT_CONVERSION = YES;
				GCC_WARN_ABOUT_RETURN_TYPE = YES_ERROR;
				GCC_WARN_UNDECLARED_SELECTOR = YES;
				GCC_WARN_UNINITIALIZED_AUTOS = YES_AGGRESSIVE;
				GCC_WARN_UNUSED_FUNCTION = YES;
				GCC_WARN_UNUSED_VARIABLE = YES;
				IPHONEOS_DEPLOYMENT_TARGET = 9.3;
				MTL_ENABLE_DEBUG_INFO = YES;
				ONLY_ACTIVE_ARCH = YES;
				SDKROOT = iphoneos;
			};
			name = Debug;
		};
		C8CB62641EA0D307001927D0 /* Release */ = {
			isa = XCBuildConfiguration;
			buildSettings = {
				ALWAYS_SEARCH_USER_PATHS = NO;
				CLANG_ANALYZER_NONNULL = YES;
				CLANG_CXX_LANGUAGE_STANDARD = "gnu++0x";
				CLANG_CXX_LIBRARY = "libc++";
				CLANG_ENABLE_MODULES = YES;
				CLANG_ENABLE_OBJC_ARC = YES;
				CLANG_WARN_BOOL_CONVERSION = YES;
				CLANG_WARN_CONSTANT_CONVERSION = YES;
				CLANG_WARN_DIRECT_OBJC_ISA_USAGE = YES_ERROR;
				CLANG_WARN_EMPTY_BODY = YES;
				CLANG_WARN_ENUM_CONVERSION = YES;
				CLANG_WARN_INFINITE_RECURSION = YES;
				CLANG_WARN_INT_CONVERSION = YES;
				CLANG_WARN_OBJC_ROOT_CLASS = YES_ERROR;
				CLANG_WARN_SUSPICIOUS_MOVE = YES;
				CLANG_WARN_UNREACHABLE_CODE = YES;
				CLANG_WARN__DUPLICATE_METHOD_MATCH = YES;
				"CODE_SIGN_IDENTITY[sdk=iphoneos*]" = "iPhone Developer";
				COPY_PHASE_STRIP = NO;
				DEBUG_INFORMATION_FORMAT = "dwarf-with-dsym";
				ENABLE_NS_ASSERTIONS = NO;
				ENABLE_STRICT_OBJC_MSGSEND = YES;
				GCC_C_LANGUAGE_STANDARD = gnu99;
				GCC_NO_COMMON_BLOCKS = YES;
				GCC_WARN_64_TO_32_BIT_CONVERSION = YES;
				GCC_WARN_ABOUT_RETURN_TYPE = YES_ERROR;
				GCC_WARN_UNDECLARED_SELECTOR = YES;
				GCC_WARN_UNINITIALIZED_AUTOS = YES_AGGRESSIVE;
				GCC_WARN_UNUSED_FUNCTION = YES;
				GCC_WARN_UNUSED_VARIABLE = YES;
				IPHONEOS_DEPLOYMENT_TARGET = 9.3;
				MTL_ENABLE_DEBUG_INFO = NO;
				SDKROOT = iphoneos;
				VALIDATE_PRODUCT = YES;
			};
			name = Release;
		};
		C8CB62661EA0D307001927D0 /* Debug */ = {
			isa = XCBuildConfiguration;
			buildSettings = {
				INFOPLIST_FILE = Application/Info.plist;
				LD_RUNPATH_SEARCH_PATHS = "$(inherited) @executable_path/Frameworks";
				PRODUCT_BUNDLE_IDENTIFIER = "-plebs.Application";
				PRODUCT_NAME = "$(TARGET_NAME)";
			};
			name = Debug;
		};
		C8CB62671EA0D307001927D0 /* Release */ = {
			isa = XCBuildConfiguration;
			buildSettings = {
				INFOPLIST_FILE = Application/Info.plist;
				LD_RUNPATH_SEARCH_PATHS = "$(inherited) @executable_path/Frameworks";
				PRODUCT_BUNDLE_IDENTIFIER = "-plebs.Application";
				PRODUCT_NAME = "$(TARGET_NAME)";
			};
			name = Release;
		};
/* End XCBuildConfiguration section */

/* Begin XCConfigurationList section */
		C8CB62461EA0D307001927D0 /* Build configuration list for PBXProject "Application" */ = {
			isa = XCConfigurationList;
			buildConfigurations = (
				C8CB62631EA0D307001927D0 /* Debug */,
				C8CB62641EA0D307001927D0 /* Release */,
			);
			defaultConfigurationIsVisible = 0;
			defaultConfigurationName = Release;
		};
		C8CB62651EA0D307001927D0 /* Build configuration list for PBXNativeTarget "Application" */ = {
			isa = XCConfigurationList;
			buildConfigurations = (
				C8CB62661EA0D307001927D0 /* Debug */,
				C8CB62671EA0D307001927D0 /* Release */,
			);
			defaultConfigurationIsVisible = 0;
			defaultConfigurationName = Release;
		};
/* End XCConfigurationList section */

/* Begin XCVersionGroup section */
		C8CB625A1EA0D307001927D0 /* Application.xcdatamodeld */ = {
			isa = XCVersionGroup;
			children = (
				C8CB625B1EA0D307001927D0 /* Application.xcdatamodel */,
			);
			currentVersion = C8CB625B1EA0D307001927D0 /* Application.xcdatamodel */;
			path = Application.xcdatamodeld;
			sourceTree = "<group>";
			versionGroupType = wrapper.xcdatamodel;
		};
/* End XCVersionGroup section */
	};
	rootObject = C8CB62431EA0D307001927D0 /* Project object */;
}
