// !$*UTF8*$!
{
	archiveVersion = 1;
	classes = {
	};
	objectVersion = 46;
	objects = {

/* Begin PBXBuildFile section */
		031BDC311EA21BFE0010E93B /* LoginController.m in Sources */ = {isa = PBXBuildFile; fileRef = 031BDC2F1EA21BFE0010E93B /* LoginController.m */; };
		031BDC321EA21BFE0010E93B /* LoginController.xib in Resources */ = {isa = PBXBuildFile; fileRef = 031BDC301EA21BFE0010E93B /* LoginController.xib */; };
		031BDC421EA28E520010E93B /* SplashScreenViewController.m in Sources */ = {isa = PBXBuildFile; fileRef = 031BDC401EA28E520010E93B /* SplashScreenViewController.m */; };
		031BDC431EA28E520010E93B /* SplashScreenViewController.xib in Resources */ = {isa = PBXBuildFile; fileRef = 031BDC411EA28E520010E93B /* SplashScreenViewController.xib */; };
		031D02AB1EA7F59000045B93 /* btn_left_nav_normal@2x.png in Resources */ = {isa = PBXBuildFile; fileRef = 031D02A31EA7F59000045B93 /* btn_left_nav_normal@2x.png */; };
		031D02AC1EA7F59000045B93 /* btn_left_nav_pressed@2x.png in Resources */ = {isa = PBXBuildFile; fileRef = 031D02A41EA7F59000045B93 /* btn_left_nav_pressed@2x.png */; };
		031D02AD1EA7F59000045B93 /* btn_right_nav_normal@2x.png in Resources */ = {isa = PBXBuildFile; fileRef = 031D02A51EA7F59000045B93 /* btn_right_nav_normal@2x.png */; };
		031D02AE1EA7F59000045B93 /* btn_right_nav_pressed@2x.png in Resources */ = {isa = PBXBuildFile; fileRef = 031D02A61EA7F59000045B93 /* btn_right_nav_pressed@2x.png */; };
		031D02AF1EA7F59000045B93 /* Default Splash Screen.png in Resources */ = {isa = PBXBuildFile; fileRef = 031D02A71EA7F59000045B93 /* Default Splash Screen.png */; };
		031D02B01EA7F59000045B93 /* Menu_Category.jpg in Resources */ = {isa = PBXBuildFile; fileRef = 031D02A81EA7F59000045B93 /* Menu_Category.jpg */; };
		031D02B11EA7F59000045B93 /* Menu.jpg in Resources */ = {isa = PBXBuildFile; fileRef = 031D02A91EA7F59000045B93 /* Menu.jpg */; };
		031D02B21EA7F59000045B93 /* search_barNew@2x.png in Resources */ = {isa = PBXBuildFile; fileRef = 031D02AA1EA7F59000045B93 /* search_barNew@2x.png */; };
		031D02C31EA7F62A00045B93 /* beep-29.wav in Resources */ = {isa = PBXBuildFile; fileRef = 031D02B51EA7F62A00045B93 /* beep-29.wav */; };
		031D02C41EA7F62A00045B93 /* Oxygen-Bold.ttf in Resources */ = {isa = PBXBuildFile; fileRef = 031D02B71EA7F62A00045B93 /* Oxygen-Bold.ttf */; };
		031D02C51EA7F62A00045B93 /* Oxygen-Light.ttf in Resources */ = {isa = PBXBuildFile; fileRef = 031D02B81EA7F62A00045B93 /* Oxygen-Light.ttf */; };
		031D02C61EA7F62A00045B93 /* Oxygen-Regular.ttf in Resources */ = {isa = PBXBuildFile; fileRef = 031D02B91EA7F62A00045B93 /* Oxygen-Regular.ttf */; };
		031D02C71EA7F62A00045B93 /* SCRIPTBL_0.TTF in Resources */ = {isa = PBXBuildFile; fileRef = 031D02BB1EA7F62A00045B93 /* SCRIPTBL_0.TTF */; };
		031D02C81EA7F62A00045B93 /* segoeui_0.ttf in Resources */ = {isa = PBXBuildFile; fileRef = 031D02BD1EA7F62A00045B93 /* segoeui_0.ttf */; };
		031D02C91EA7F62A00045B93 /* segoeuib_0.ttf in Resources */ = {isa = PBXBuildFile; fileRef = 031D02BE1EA7F62A00045B93 /* segoeuib_0.ttf */; };
		031D02CA1EA7F62A00045B93 /* segoeuii_0.ttf in Resources */ = {isa = PBXBuildFile; fileRef = 031D02BF1EA7F62A00045B93 /* segoeuii_0.ttf */; };
		031D02CB1EA7F62A00045B93 /* segoeuil_0.ttf in Resources */ = {isa = PBXBuildFile; fileRef = 031D02C01EA7F62A00045B93 /* segoeuil_0.ttf */; };
		031D02CC1EA7F62A00045B93 /* segoeuiz_0.ttf in Resources */ = {isa = PBXBuildFile; fileRef = 031D02C11EA7F62A00045B93 /* segoeuiz_0.ttf */; };
		031D02CD1EA7F62A00045B93 /* seguisb_0.ttf in Resources */ = {isa = PBXBuildFile; fileRef = 031D02C21EA7F62A00045B93 /* seguisb_0.ttf */; };
		031D02D11EA7F7B600045B93 /* MainMenuSubViewViewController.m in Sources */ = {isa = PBXBuildFile; fileRef = 031D02CF1EA7F7B600045B93 /* MainMenuSubViewViewController.m */; };
		031D02D21EA7F7B600045B93 /* MainMenuSubViewViewController.xib in Resources */ = {isa = PBXBuildFile; fileRef = 031D02D01EA7F7B600045B93 /* MainMenuSubViewViewController.xib */; };
		031D02D51EA7F86800045B93 /* body_bg@2x.png in Resources */ = {isa = PBXBuildFile; fileRef = 031D02D31EA7F86800045B93 /* body_bg@2x.png */; };
		031D02D61EA7F86800045B93 /* sub-heading-bar_small@2x.png in Resources */ = {isa = PBXBuildFile; fileRef = 031D02D41EA7F86800045B93 /* sub-heading-bar_small@2x.png */; };
		C8CB62501EA0D307001927D0 /* main.m in Sources */ = {isa = PBXBuildFile; fileRef = C8CB624F1EA0D307001927D0 /* main.m */; };
		C8CB62531EA0D307001927D0 /* AppDelegate.m in Sources */ = {isa = PBXBuildFile; fileRef = C8CB62521EA0D307001927D0 /* AppDelegate.m */; };
		C8CB625C1EA0D307001927D0 /* Application.xcdatamodeld in Sources */ = {isa = PBXBuildFile; fileRef = C8CB625A1EA0D307001927D0 /* Application.xcdatamodeld */; };
		C8CB625E1EA0D307001927D0 /* Assets.xcassets in Resources */ = {isa = PBXBuildFile; fileRef = C8CB625D1EA0D307001927D0 /* Assets.xcassets */; };
		C8CB62611EA0D307001927D0 /* LaunchScreen.storyboard in Resources */ = {isa = PBXBuildFile; fileRef = C8CB625F1EA0D307001927D0 /* LaunchScreen.storyboard */; };
/* End PBXBuildFile section */

/* Begin PBXFileReference section */
		031BDC2E1EA21BFE0010E93B /* LoginController.h */ = {isa = PBXFileReference; fileEncoding = 4; lastKnownFileType = sourcecode.c.h; path = LoginController.h; sourceTree = "<group>"; };
		031BDC2F1EA21BFE0010E93B /* LoginController.m */ = {isa = PBXFileReference; fileEncoding = 4; lastKnownFileType = sourcecode.c.objc; path = LoginController.m; sourceTree = "<group>"; };
		031BDC301EA21BFE0010E93B /* LoginController.xib */ = {isa = PBXFileReference; fileEncoding = 4; lastKnownFileType = file.xib; path = LoginController.xib; sourceTree = "<group>"; };
		031BDC3F1EA28E520010E93B /* SplashScreenViewController.h */ = {isa = PBXFileReference; fileEncoding = 4; lastKnownFileType = sourcecode.c.h; path = SplashScreenViewController.h; sourceTree = "<group>"; };
		031BDC401EA28E520010E93B /* SplashScreenViewController.m */ = {isa = PBXFileReference; fileEncoding = 4; lastKnownFileType = sourcecode.c.objc; path = SplashScreenViewController.m; sourceTree = "<group>"; };
		031BDC411EA28E520010E93B /* SplashScreenViewController.xib */ = {isa = PBXFileReference; fileEncoding = 4; lastKnownFileType = file.xib; path = SplashScreenViewController.xib; sourceTree = "<group>"; };
		031D02A31EA7F59000045B93 /* btn_left_nav_normal@2x.png */ = {isa = PBXFileReference; lastKnownFileType = image.png; name = "btn_left_nav_normal@2x.png"; path = "Props/btn_left_nav_normal@2x.png"; sourceTree = "<group>"; };
		031D02A41EA7F59000045B93 /* btn_left_nav_pressed@2x.png */ = {isa = PBXFileReference; lastKnownFileType = image.png; name = "btn_left_nav_pressed@2x.png"; path = "Props/btn_left_nav_pressed@2x.png"; sourceTree = "<group>"; };
		031D02A51EA7F59000045B93 /* btn_right_nav_normal@2x.png */ = {isa = PBXFileReference; lastKnownFileType = image.png; name = "btn_right_nav_normal@2x.png"; path = "Props/btn_right_nav_normal@2x.png"; sourceTree = "<group>"; };
		031D02A61EA7F59000045B93 /* btn_right_nav_pressed@2x.png */ = {isa = PBXFileReference; lastKnownFileType = image.png; name = "btn_right_nav_pressed@2x.png"; path = "Props/btn_right_nav_pressed@2x.png"; sourceTree = "<group>"; };
		031D02A71EA7F59000045B93 /* Default Splash Screen.png */ = {isa = PBXFileReference; lastKnownFileType = image.png; name = "Default Splash Screen.png"; path = "Props/Default Splash Screen.png"; sourceTree = "<group>"; };
		031D02A81EA7F59000045B93 /* Menu_Category.jpg */ = {isa = PBXFileReference; lastKnownFileType = image.jpeg; name = Menu_Category.jpg; path = Props/Menu_Category.jpg; sourceTree = "<group>"; };
		031D02A91EA7F59000045B93 /* Menu.jpg */ = {isa = PBXFileReference; lastKnownFileType = image.jpeg; name = Menu.jpg; path = Props/Menu.jpg; sourceTree = "<group>"; };
		031D02AA1EA7F59000045B93 /* search_barNew@2x.png */ = {isa = PBXFileReference; lastKnownFileType = image.png; name = "search_barNew@2x.png"; path = "Props/search_barNew@2x.png"; sourceTree = "<group>"; };
		031D02B51EA7F62A00045B93 /* beep-29.wav */ = {isa = PBXFileReference; lastKnownFileType = audio.wav; path = "beep-29.wav"; sourceTree = "<group>"; };
		031D02B71EA7F62A00045B93 /* Oxygen-Bold.ttf */ = {isa = PBXFileReference; lastKnownFileType = file; path = "Oxygen-Bold.ttf"; sourceTree = "<group>"; };
		031D02B81EA7F62A00045B93 /* Oxygen-Light.ttf */ = {isa = PBXFileReference; lastKnownFileType = file; path = "Oxygen-Light.ttf"; sourceTree = "<group>"; };
		031D02B91EA7F62A00045B93 /* Oxygen-Regular.ttf */ = {isa = PBXFileReference; lastKnownFileType = file; path = "Oxygen-Regular.ttf"; sourceTree = "<group>"; };
		031D02BB1EA7F62A00045B93 /* SCRIPTBL_0.TTF */ = {isa = PBXFileReference; lastKnownFileType = file; path = SCRIPTBL_0.TTF; sourceTree = "<group>"; };
		031D02BD1EA7F62A00045B93 /* segoeui_0.ttf */ = {isa = PBXFileReference; lastKnownFileType = file; path = segoeui_0.ttf; sourceTree = "<group>"; };
		031D02BE1EA7F62A00045B93 /* segoeuib_0.ttf */ = {isa = PBXFileReference; lastKnownFileType = file; path = segoeuib_0.ttf; sourceTree = "<group>"; };
		031D02BF1EA7F62A00045B93 /* segoeuii_0.ttf */ = {isa = PBXFileReference; lastKnownFileType = file; path = segoeuii_0.ttf; sourceTree = "<group>"; };
		031D02C01EA7F62A00045B93 /* segoeuil_0.ttf */ = {isa = PBXFileReference; lastKnownFileType = file; path = segoeuil_0.ttf; sourceTree = "<group>"; };
		031D02C11EA7F62A00045B93 /* segoeuiz_0.ttf */ = {isa = PBXFileReference; lastKnownFileType = file; path = segoeuiz_0.ttf; sourceTree = "<group>"; };
		031D02C21EA7F62A00045B93 /* seguisb_0.ttf */ = {isa = PBXFileReference; lastKnownFileType = file; path = seguisb_0.ttf; sourceTree = "<group>"; };
		031D02CE1EA7F7B600045B93 /* MainMenuSubViewViewController.h */ = {isa = PBXFileReference; fileEncoding = 4; lastKnownFileType = sourcecode.c.h; path = MainMenuSubViewViewController.h; sourceTree = "<group>"; };
		031D02CF1EA7F7B600045B93 /* MainMenuSubViewViewController.m */ = {isa = PBXFileReference; fileEncoding = 4; lastKnownFileType = sourcecode.c.objc; path = MainMenuSubViewViewController.m; sourceTree = "<group>"; };
		031D02D01EA7F7B600045B93 /* MainMenuSubViewViewController.xib */ = {isa = PBXFileReference; fileEncoding = 4; lastKnownFileType = file.xib; path = MainMenuSubViewViewController.xib; sourceTree = "<group>"; };
		031D02D31EA7F86800045B93 /* body_bg@2x.png */ = {isa = PBXFileReference; lastKnownFileType = image.png; name = "body_bg@2x.png"; path = "Props/body_bg@2x.png"; sourceTree = "<group>"; };
		031D02D41EA7F86800045B93 /* sub-heading-bar_small@2x.png */ = {isa = PBXFileReference; lastKnownFileType = image.png; name = "sub-heading-bar_small@2x.png"; path = "Props/sub-heading-bar_small@2x.png"; sourceTree = "<group>"; };
		C8CB624B1EA0D307001927D0 /* Application.app */ = {isa = PBXFileReference; explicitFileType = wrapper.application; includeInIndex = 0; path = Application.app; sourceTree = BUILT_PRODUCTS_DIR; };
		C8CB624F1EA0D307001927D0 /* main.m */ = {isa = PBXFileReference; lastKnownFileType = sourcecode.c.objc; path = main.m; sourceTree = "<group>"; };
		C8CB62511EA0D307001927D0 /* AppDelegate.h */ = {isa = PBXFileReference; lastKnownFileType = sourcecode.c.h; path = AppDelegate.h; sourceTree = "<group>"; };
		C8CB62521EA0D307001927D0 /* AppDelegate.m */ = {isa = PBXFileReference; lastKnownFileType = sourcecode.c.objc; path = AppDelegate.m; sourceTree = "<group>"; };
		C8CB625B1EA0D307001927D0 /* Application.xcdatamodel */ = {isa = PBXFileReference; lastKnownFileType = wrapper.xcdatamodel; path = Application.xcdatamodel; sourceTree = "<group>"; };
		C8CB625D1EA0D307001927D0 /* Assets.xcassets */ = {isa = PBXFileReference; lastKnownFileType = folder.assetcatalog; path = Assets.xcassets; sourceTree = "<group>"; };
		C8CB62601EA0D307001927D0 /* Base */ = {isa = PBXFileReference; lastKnownFileType = file.storyboard; name = Base; path = Base.lproj/LaunchScreen.storyboard; sourceTree = "<group>"; };
		C8CB62621EA0D307001927D0 /* Info.plist */ = {isa = PBXFileReference; lastKnownFileType = text.plist.xml; path = Info.plist; sourceTree = "<group>"; };
/* End PBXFileReference section */

/* Begin PBXFrameworksBuildPhase section */
		C8CB62481EA0D307001927D0 /* Frameworks */ = {
			isa = PBXFrameworksBuildPhase;
			buildActionMask = 2147483647;
			files = (
			);
			runOnlyForDeploymentPostprocessing = 0;
		};
/* End PBXFrameworksBuildPhase section */

/* Begin PBXGroup section */
		031D02B31EA7F62A00045B93 /* Fonts */ = {
			isa = PBXGroup;
			children = (
				031D02B41EA7F62A00045B93 /* Audio */,
				031D02B61EA7F62A00045B93 /* Oxygen */,
				031D02BA1EA7F62A00045B93 /* Script MT Bold */,
				031D02BC1EA7F62A00045B93 /* Segoe UI */,
			);
			name = Fonts;
			path = Props/Fonts;
			sourceTree = "<group>";
		};
		031D02B41EA7F62A00045B93 /* Audio */ = {
			isa = PBXGroup;
			children = (
				031D02B51EA7F62A00045B93 /* beep-29.wav */,
			);
			path = Audio;
			sourceTree = "<group>";
		};
		031D02B61EA7F62A00045B93 /* Oxygen */ = {
			isa = PBXGroup;
			children = (
				031D02B71EA7F62A00045B93 /* Oxygen-Bold.ttf */,
				031D02B81EA7F62A00045B93 /* Oxygen-Light.ttf */,
				031D02B91EA7F62A00045B93 /* Oxygen-Regular.ttf */,
			);
			path = Oxygen;
			sourceTree = "<group>";
		};
		031D02BA1EA7F62A00045B93 /* Script MT Bold */ = {
			isa = PBXGroup;
			children = (
				031D02BB1EA7F62A00045B93 /* SCRIPTBL_0.TTF */,
			);
			path = "Script MT Bold";
			sourceTree = "<group>";
		};
		031D02BC1EA7F62A00045B93 /* Segoe UI */ = {
			isa = PBXGroup;
			children = (
				031D02BD1EA7F62A00045B93 /* segoeui_0.ttf */,
				031D02BE1EA7F62A00045B93 /* segoeuib_0.ttf */,
				031D02BF1EA7F62A00045B93 /* segoeuii_0.ttf */,
				031D02C01EA7F62A00045B93 /* segoeuil_0.ttf */,
				031D02C11EA7F62A00045B93 /* segoeuiz_0.ttf */,
				031D02C21EA7F62A00045B93 /* seguisb_0.ttf */,
			);
			path = "Segoe UI";
			sourceTree = "<group>";
		};
		C8CB62421EA0D307001927D0 = {
			isa = PBXGroup;
			children = (
				C8CB624D1EA0D307001927D0 /* Application */,
				C8CB624C1EA0D307001927D0 /* Products */,
			);
			sourceTree = "<group>";
		};
		C8CB624C1EA0D307001927D0 /* Products */ = {
			isa = PBXGroup;
			children = (
				C8CB624B1EA0D307001927D0 /* Application.app */,
			);
			name = Products;
			sourceTree = "<group>";
		};
		C8CB624D1EA0D307001927D0 /* Application */ = {
			isa = PBXGroup;
			children = (
				C8CB62511EA0D307001927D0 /* AppDelegate.h */,
				C8CB62521EA0D307001927D0 /* AppDelegate.m */,
				C8CB625D1EA0D307001927D0 /* Assets.xcassets */,
				C8CB625F1EA0D307001927D0 /* LaunchScreen.storyboard */,
				C8CB62621EA0D307001927D0 /* Info.plist */,
				C8CB625A1EA0D307001927D0 /* Application.xcdatamodeld */,
				C8CB624E1EA0D307001927D0 /* Supporting Files */,
				031BDC2E1EA21BFE0010E93B /* LoginController.h */,
				031BDC2F1EA21BFE0010E93B /* LoginController.m */,
				031BDC301EA21BFE0010E93B /* LoginController.xib */,
				031BDC3F1EA28E520010E93B /* SplashScreenViewController.h */,
				031BDC401EA28E520010E93B /* SplashScreenViewController.m */,
				031BDC411EA28E520010E93B /* SplashScreenViewController.xib */,
				031D02CE1EA7F7B600045B93 /* MainMenuSubViewViewController.h */,
				031D02CF1EA7F7B600045B93 /* MainMenuSubViewViewController.m */,
				031D02D01EA7F7B600045B93 /* MainMenuSubViewViewController.xib */,
			);
			path = Application;
			sourceTree = "<group>";
		};
		C8CB624E1EA0D307001927D0 /* Supporting Files */ = {
			isa = PBXGroup;
			children = (
				031D02D31EA7F86800045B93 /* body_bg@2x.png */,
				031D02D41EA7F86800045B93 /* sub-heading-bar_small@2x.png */,
				031D02B31EA7F62A00045B93 /* Fonts */,
				031D02A31EA7F59000045B93 /* btn_left_nav_normal@2x.png */,
				031D02A41EA7F59000045B93 /* btn_left_nav_pressed@2x.png */,
				031D02A51EA7F59000045B93 /* btn_right_nav_normal@2x.png */,
				031D02A61EA7F59000045B93 /* btn_right_nav_pressed@2x.png */,
				031D02A71EA7F59000045B93 /* Default Splash Screen.png */,
				031D02A81EA7F59000045B93 /* Menu_Category.jpg */,
				031D02A91EA7F59000045B93 /* Menu.jpg */,
				031D02AA1EA7F59000045B93 /* search_barNew@2x.png */,
				C8CB624F1EA0D307001927D0 /* main.m */,
			);
			name = "Supporting Files";
			sourceTree = "<group>";
		};
/* End PBXGroup section */

/* Begin PBXNativeTarget section */
		C8CB624A1EA0D307001927D0 /* Application */ = {
			isa = PBXNativeTarget;
			buildConfigurationList = C8CB62651EA0D307001927D0 /* Build configuration list for PBXNativeTarget "Application" */;
			buildPhases = (
				C8CB62471EA0D307001927D0 /* Sources */,
				C8CB62481EA0D307001927D0 /* Frameworks */,
				C8CB62491EA0D307001927D0 /* Resources */,
			);
			buildRules = (
			);
			dependencies = (
			);
			name = Application;
			productName = Application;
			productReference = C8CB624B1EA0D307001927D0 /* Application.app */;
			productType = "com.apple.product-type.application";
		};
/* End PBXNativeTarget section */

/* Begin PBXProject section */
		C8CB62431EA0D307001927D0 /* Project object */ = {
			isa = PBXProject;
			attributes = {
				LastUpgradeCheck = 0820;
				ORGANIZATIONNAME = 2plebs;
				TargetAttributes = {
					C8CB624A1EA0D307001927D0 = {
						CreatedOnToolsVersion = 7.3.1;
					};
				};
			};
			buildConfigurationList = C8CB62461EA0D307001927D0 /* Build configuration list for PBXProject "Application" */;
			compatibilityVersion = "Xcode 3.2";
			developmentRegion = English;
			hasScannedForEncodings = 0;
			knownRegions = (
				en,
				Base,
			);
			mainGroup = C8CB62421EA0D307001927D0;
			productRefGroup = C8CB624C1EA0D307001927D0 /* Products */;
			projectDirPath = "";
			projectRoot = "";
			targets = (
				C8CB624A1EA0D307001927D0 /* Application */,
			);
		};
/* End PBXProject section */

/* Begin PBXResourcesBuildPhase section */
		C8CB62491EA0D307001927D0 /* Resources */ = {
			isa = PBXResourcesBuildPhase;
			buildActionMask = 2147483647;
			files = (
				031D02D21EA7F7B600045B93 /* MainMenuSubViewViewController.xib in Resources */,
				031D02CA1EA7F62A00045B93 /* segoeuii_0.ttf in Resources */,
				031D02D61EA7F86800045B93 /* sub-heading-bar_small@2x.png in Resources */,
				031D02AF1EA7F59000045B93 /* Default Splash Screen.png in Resources */,
				031D02CD1EA7F62A00045B93 /* seguisb_0.ttf in Resources */,
				031D02B21EA7F59000045B93 /* search_barNew@2x.png in Resources */,
				C8CB62611EA0D307001927D0 /* LaunchScreen.storyboard in Resources */,
				031D02C31EA7F62A00045B93 /* beep-29.wav in Resources */,
				031BDC321EA21BFE0010E93B /* LoginController.xib in Resources */,
				031BDC431EA28E520010E93B /* SplashScreenViewController.xib in Resources */,
				031D02B01EA7F59000045B93 /* Menu_Category.jpg in Resources */,
				031D02CB1EA7F62A00045B93 /* segoeuil_0.ttf in Resources */,
				031D02C61EA7F62A00045B93 /* Oxygen-Regular.ttf in Resources */,
				031D02C91EA7F62A00045B93 /* segoeuib_0.ttf in Resources */,
				031D02AC1EA7F59000045B93 /* btn_left_nav_pressed@2x.png in Resources */,
				031D02AB1EA7F59000045B93 /* btn_left_nav_normal@2x.png in Resources */,
				031D02AD1EA7F59000045B93 /* btn_right_nav_normal@2x.png in Resources */,
				031D02B11EA7F59000045B93 /* Menu.jpg in Resources */,
				031D02C71EA7F62A00045B93 /* SCRIPTBL_0.TTF in Resources */,
				031D02C51EA7F62A00045B93 /* Oxygen-Light.ttf in Resources */,
				031D02AE1EA7F59000045B93 /* btn_right_nav_pressed@2x.png in Resources */,
				031D02C41EA7F62A00045B93 /* Oxygen-Bold.ttf in Resources */,
				C8CB625E1EA0D307001927D0 /* Assets.xcassets in Resources */,
				031D02D51EA7F86800045B93 /* body_bg@2x.png in Resources */,
				031D02CC1EA7F62A00045B93 /* segoeuiz_0.ttf in Resources */,
				031D02C81EA7F62A00045B93 /* segoeui_0.ttf in Resources */,
			);
			runOnlyForDeploymentPostprocessing = 0;
		};
/* End PBXResourcesBuildPhase section */

/* Begin PBXSourcesBuildPhase section */
		C8CB62471EA0D307001927D0 /* Sources */ = {
			isa = PBXSourcesBuildPhase;
			buildActionMask = 2147483647;
			files = (
				C8CB625C1EA0D307001927D0 /* Application.xcdatamodeld in Sources */,
				C8CB62531EA0D307001927D0 /* AppDelegate.m in Sources */,
				031BDC421EA28E520010E93B /* SplashScreenViewController.m in Sources */,
				031BDC311EA21BFE0010E93B /* LoginController.m in Sources */,
				031D02D11EA7F7B600045B93 /* MainMenuSubViewViewController.m in Sources */,
				C8CB62501EA0D307001927D0 /* main.m in Sources */,
			);
			runOnlyForDeploymentPostprocessing = 0;
		};
/* End PBXSourcesBuildPhase section */

/* Begin PBXVariantGroup section */
		C8CB625F1EA0D307001927D0 /* LaunchScreen.storyboard */ = {
			isa = PBXVariantGroup;
			children = (
				C8CB62601EA0D307001927D0 /* Base */,
			);
			name = LaunchScreen.storyboard;
			sourceTree = "<group>";
		};
/* End PBXVariantGroup section */

/* Begin XCBuildConfiguration section */
		C8CB62631EA0D307001927D0 /* Debug */ = {
			isa = XCBuildConfiguration;
			buildSettings = {
				ALWAYS_SEARCH_USER_PATHS = NO;
				CLANG_ANALYZER_NONNULL = YES;
				CLANG_CXX_LANGUAGE_STANDARD = "gnu++0x";
				CLANG_CXX_LIBRARY = "libc++";
				CLANG_ENABLE_MODULES = YES;
				CLANG_ENABLE_OBJC_ARC = YES;
				CLANG_WARN_BOOL_CONVERSION = YES;
				CLANG_WARN_CONSTANT_CONVERSION = YES;
				CLANG_WARN_DIRECT_OBJC_ISA_USAGE = YES_ERROR;
				CLANG_WARN_EMPTY_BODY = YES;
				CLANG_WARN_ENUM_CONVERSION = YES;
				CLANG_WARN_INFINITE_RECURSION = YES;
				CLANG_WARN_INT_CONVERSION = YES;
				CLANG_WARN_OBJC_ROOT_CLASS = YES_ERROR;
				CLANG_WARN_SUSPICIOUS_MOVE = YES;
				CLANG_WARN_UNREACHABLE_CODE = YES;
				CLANG_WARN__DUPLICATE_METHOD_MATCH = YES;
				"CODE_SIGN_IDENTITY[sdk=iphoneos*]" = "iPhone Developer";
				COPY_PHASE_STRIP = NO;
				DEBUG_INFORMATION_FORMAT = dwarf;
				ENABLE_STRICT_OBJC_MSGSEND = YES;
				ENABLE_TESTABILITY = YES;
				GCC_C_LANGUAGE_STANDARD = gnu99;
				GCC_DYNAMIC_NO_PIC = NO;
				GCC_NO_COMMON_BLOCKS = YES;
				GCC_OPTIMIZATION_LEVEL = 0;
				GCC_PREPROCESSOR_DEFINITIONS = (
					"DEBUG=1",
					"$(inherited)",
				);
				GCC_WARN_64_TO_32_BIT_CONVERSION = YES;
				GCC_WARN_ABOUT_RETURN_TYPE = YES_ERROR;
				GCC_WARN_UNDECLARED_SELECTOR = YES;
				GCC_WARN_UNINITIALIZED_AUTOS = YES_AGGRESSIVE;
				GCC_WARN_UNUSED_FUNCTION = YES;
				GCC_WARN_UNUSED_VARIABLE = YES;
				IPHONEOS_DEPLOYMENT_TARGET = 9.3;
				MTL_ENABLE_DEBUG_INFO = YES;
				ONLY_ACTIVE_ARCH = YES;
				SDKROOT = iphoneos;
			};
			name = Debug;
		};
		C8CB62641EA0D307001927D0 /* Release */ = {
			isa = XCBuildConfiguration;
			buildSettings = {
				ALWAYS_SEARCH_USER_PATHS = NO;
				CLANG_ANALYZER_NONNULL = YES;
				CLANG_CXX_LANGUAGE_STANDARD = "gnu++0x";
				CLANG_CXX_LIBRARY = "libc++";
				CLANG_ENABLE_MODULES = YES;
				CLANG_ENABLE_OBJC_ARC = YES;
				CLANG_WARN_BOOL_CONVERSION = YES;
				CLANG_WARN_CONSTANT_CONVERSION = YES;
				CLANG_WARN_DIRECT_OBJC_ISA_USAGE = YES_ERROR;
				CLANG_WARN_EMPTY_BODY = YES;
				CLANG_WARN_ENUM_CONVERSION = YES;
				CLANG_WARN_INFINITE_RECURSION = YES;
				CLANG_WARN_INT_CONVERSION = YES;
				CLANG_WARN_OBJC_ROOT_CLASS = YES_ERROR;
				CLANG_WARN_SUSPICIOUS_MOVE = YES;
				CLANG_WARN_UNREACHABLE_CODE = YES;
				CLANG_WARN__DUPLICATE_METHOD_MATCH = YES;
				"CODE_SIGN_IDENTITY[sdk=iphoneos*]" = "iPhone Developer";
				COPY_PHASE_STRIP = NO;
				DEBUG_INFORMATION_FORMAT = "dwarf-with-dsym";
				ENABLE_NS_ASSERTIONS = NO;
				ENABLE_STRICT_OBJC_MSGSEND = YES;
				GCC_C_LANGUAGE_STANDARD = gnu99;
				GCC_NO_COMMON_BLOCKS = YES;
				GCC_WARN_64_TO_32_BIT_CONVERSION = YES;
				GCC_WARN_ABOUT_RETURN_TYPE = YES_ERROR;
				GCC_WARN_UNDECLARED_SELECTOR = YES;
				GCC_WARN_UNINITIALIZED_AUTOS = YES_AGGRESSIVE;
				GCC_WARN_UNUSED_FUNCTION = YES;
				GCC_WARN_UNUSED_VARIABLE = YES;
				IPHONEOS_DEPLOYMENT_TARGET = 9.3;
				MTL_ENABLE_DEBUG_INFO = NO;
				SDKROOT = iphoneos;
				VALIDATE_PRODUCT = YES;
			};
			name = Release;
		};
		C8CB62661EA0D307001927D0 /* Debug */ = {
			isa = XCBuildConfiguration;
			buildSettings = {
				INFOPLIST_FILE = Application/Info.plist;
				LD_RUNPATH_SEARCH_PATHS = "$(inherited) @executable_path/Frameworks";
				PRODUCT_BUNDLE_IDENTIFIER = "-plebs.Application";
				PRODUCT_NAME = "$(TARGET_NAME)";
			};
			name = Debug;
		};
		C8CB62671EA0D307001927D0 /* Release */ = {
			isa = XCBuildConfiguration;
			buildSettings = {
				INFOPLIST_FILE = Application/Info.plist;
				LD_RUNPATH_SEARCH_PATHS = "$(inherited) @executable_path/Frameworks";
				PRODUCT_BUNDLE_IDENTIFIER = "-plebs.Application";
				PRODUCT_NAME = "$(TARGET_NAME)";
			};
			name = Release;
		};
/* End XCBuildConfiguration section */

/* Begin XCConfigurationList section */
		C8CB62461EA0D307001927D0 /* Build configuration list for PBXProject "Application" */ = {
			isa = XCConfigurationList;
			buildConfigurations = (
				C8CB62631EA0D307001927D0 /* Debug */,
				C8CB62641EA0D307001927D0 /* Release */,
			);
			defaultConfigurationIsVisible = 0;
			defaultConfigurationName = Release;
		};
		C8CB62651EA0D307001927D0 /* Build configuration list for PBXNativeTarget "Application" */ = {
			isa = XCConfigurationList;
			buildConfigurations = (
				C8CB62661EA0D307001927D0 /* Debug */,
				C8CB62671EA0D307001927D0 /* Release */,
			);
			defaultConfigurationIsVisible = 0;
			defaultConfigurationName = Release;
		};
/* End XCConfigurationList section */

/* Begin XCVersionGroup section */
		C8CB625A1EA0D307001927D0 /* Application.xcdatamodeld */ = {
			isa = XCVersionGroup;
			children = (
				C8CB625B1EA0D307001927D0 /* Application.xcdatamodel */,
			);
			currentVersion = C8CB625B1EA0D307001927D0 /* Application.xcdatamodel */;
			path = Application.xcdatamodeld;
			sourceTree = "<group>";
			versionGroupType = wrapper.xcdatamodel;
		};
/* End XCVersionGroup section */
	};
	rootObject = C8CB62431EA0D307001927D0 /* Project object */;
}
